// !$*UTF8*$!
{
	archiveVersion = 1;
	classes = {
	};
	objectVersion = 77;
	objects = {

/* Begin PBXBuildFile section */
		001416DA738AA665BBDEBF59 /* husk-tl-jni-minecraft.c in Sources */ = {isa = PBXBuildFile; fileRef = 3ACE2921134A2C3A3DC93272 /* husk-tl-jni-minecraft.c */; };
		02324735942750D6BB676FFA /* icon-clearlight.png in Resources */ = {isa = PBXBuildFile; fileRef = 2A9382EA9FFB54E6B2BB52A3 /* icon-clearlight.png */; };
		03C7BA933706E9F45DD7A8EE /* icon-tinteddark.png in Resources */ = {isa = PBXBuildFile; fileRef = EE533073FECAD5C54B677935 /* icon-tinteddark.png */; };
		057DC4AF3D4EBA982E4C3FF8 /* husk-tl-scan.c in Sources */ = {isa = PBXBuildFile; fileRef = 4385A14B11CBA1C3502D433D /* husk-tl-scan.c */; };
		08FD8CEA2066A8C013B2DF8B /* husk-tl-unity-app.c in Sources */ = {isa = PBXBuildFile; fileRef = BCA22CD85A237E860D437698 /* husk-tl-unity-app.c */; };
		090A2A3F43CE69EA3C079EB0 /* HuskLog.swift in Sources */ = {isa = PBXBuildFile; fileRef = C6541CC4432CA2CE74901320 /* HuskLog.swift */; };
		0B197878C829D66E77FD7E3F /* libANGLE-shared.dylib in Embed Frameworks */ = {isa = PBXBuildFile; fileRef = 3B1406C4A7D0F7E50BCB365B /* libANGLE-shared.dylib */; settings = {ATTRIBUTES = (CodeSignOnCopy, RemoveHeadersOnCopy, ); }; };
		0BB57A13C0D48446CB4FBCD5 /* TLUnityView.swift in Sources */ = {isa = PBXBuildFile; fileRef = 211CC4F06EC722E5972D7F3B /* TLUnityView.swift */; };
		0CFC78E800ABA22AA65D873D /* HuskFilePicker.swift in Sources */ = {isa = PBXBuildFile; fileRef = 6146DAE69D6D6462FB1FB771 /* HuskFilePicker.swift */; };
		0EC1E9FBD9A5014FB1AA9334 /* husk-tl-sdl.c in Sources */ = {isa = PBXBuildFile; fileRef = C48A155D03D70E7DC8411ED5 /* husk-tl-sdl.c */; };
		0FA2BBF68B30B5630789922B /* husk-tl-json.c in Sources */ = {isa = PBXBuildFile; fileRef = 242DD6EEB7DA97455CD76826 /* husk-tl-json.c */; };
		12F633F698047D7DED62A51D /* husk-tl-gameactivity.c in Sources */ = {isa = PBXBuildFile; fileRef = CFAB9C41A483CA08C1037AAC /* husk-tl-gameactivity.c */; };
		13E70642DCB1EB118EB6B9CF /* husk-tl-egl.c in Sources */ = {isa = PBXBuildFile; fileRef = 6990DECA802D2C4493C28A4A /* husk-tl-egl.c */; };
		161096C4354197AC83569ECB /* HuskAppIcon.swift in Sources */ = {isa = PBXBuildFile; fileRef = 5236C5746D2CDE06C5D438BB /* HuskAppIcon.swift */; };
		1624D7BE5D25504F10E6D705 /* Shaders.metal in Sources */ = {isa = PBXBuildFile; fileRef = A523DB1FEA5BC026771035C7 /* Shaders.metal */; };
		1A97D1F8D5FAFEB3145D4AE5 /* TranslationLayer.swift in Sources */ = {isa = PBXBuildFile; fileRef = 4BD6ABD20471B2CACF60ABD4 /* TranslationLayer.swift */; };
		1D576C7E088182B888F811BB /* LICENSES-rppairing-crates.txt in Resources */ = {isa = PBXBuildFile; fileRef = D0A9148DED6969D97D56406C /* LICENSES-rppairing-crates.txt */; };
		202973AEE5786B84A31A57A5 /* husk-tl-jni.c in Sources */ = {isa = PBXBuildFile; fileRef = A22242B8E3E7067D6EB2AB95 /* husk-tl-jni.c */; };
		211C2D134F11C23EE4485A2E /* SettingsTab.swift in Sources */ = {isa = PBXBuildFile; fileRef = AE14E4B61CC873501D7EAE6E /* SettingsTab.swift */; };
		2382523F24A95C0E58189C78 /* husk-tl-bionic-cxx.c in Sources */ = {isa = PBXBuildFile; fileRef = 44BAD09F39FA4184F97AB0D0 /* husk-tl-bionic-cxx.c */; };
		240D4917EC7FC510B753EB4E /* husk-tl-jni-cocos.c in Sources */ = {isa = PBXBuildFile; fileRef = B76CE6F39722749AA0027959 /* husk-tl-jni-cocos.c */; };
		2472A0B862A3BC5106DBAEBC /* husk-tl-load.c in Sources */ = {isa = PBXBuildFile; fileRef = 5BE31DC5ACA28C0133F828FA /* husk-tl-load.c */; };
		29B4497EDC1E890D82BDF969 /* GuestManifest.swift in Sources */ = {isa = PBXBuildFile; fileRef = 4A0490485F9BA884A0554EAD /* GuestManifest.swift */; };
		2A70738EC7BE5ABEA7509E8B /* husk-tl-blit.c in Sources */ = {isa = PBXBuildFile; fileRef = CB3F6E9B90C81C37AAABE363 /* husk-tl-blit.c */; };
		305642B7B63D6DC85E36D091 /* husk-tl-nativeactivity.c in Sources */ = {isa = PBXBuildFile; fileRef = 3B72237F810FCE0EE433FA3D /* husk-tl-nativeactivity.c */; };
		308AC941024A28652B15B3F4 /* husk-tl-res.c in Sources */ = {isa = PBXBuildFile; fileRef = 7FD8DC66414547110F0E0B0E /* husk-tl-res.c */; };
		340ADF13F9F0E48A5A443600 /* HuskBridgeFS.swift in Sources */ = {isa = PBXBuildFile; fileRef = 0168E1B352FFD7A4BC207CA5 /* HuskBridgeFS.swift */; };
		3519D130E3ACECEB2A25D174 /* husk-tl-bionic-net.c in Sources */ = {isa = PBXBuildFile; fileRef = 7F8AFBCC1E9A402444C2D1E6 /* husk-tl-bionic-net.c */; };
		3743DAF4A88A08B2946A4066 /* Theme.swift in Sources */ = {isa = PBXBuildFile; fileRef = 5EB0AF32D5E40E753DDD85DA /* Theme.swift */; };
		38A9F59D462DE5A28D3F579D /* Assets.xcassets in Resources */ = {isa = PBXBuildFile; fileRef = 28D3E1CEE343707BE986FA6E /* Assets.xcassets */; };
		395C2F3AADC9F0FDE2188950 /* husk-tl-dex.c in Sources */ = {isa = PBXBuildFile; fileRef = 7FE5D3DD79B5BEA14506FF60 /* husk-tl-dex.c */; };
		3FFF24EF3C18B086F2D0B97C /* husk-tl-vulkan.m in Sources */ = {isa = PBXBuildFile; fileRef = 42A3D0C796971935D477F89B /* husk-tl-vulkan.m */; };
		48E699E0016694F530355275 /* FilesTab.swift in Sources */ = {isa = PBXBuildFile; fileRef = 40BF573E8CED9B238E762BA6 /* FilesTab.swift */; };
		4B9909AA3D98168EA99BF2D1 /* HuskJITMessages.swift in Sources */ = {isa = PBXBuildFile; fileRef = 198FA3419B26F852A2B05ED9 /* HuskJITMessages.swift */; };
		4E1329C07A116B3BE1FDFA7A /* ContentView.swift in Sources */ = {isa = PBXBuildFile; fileRef = 6CAD18BA88F03D63EF1F5DF2 /* ContentView.swift */; };
		507309F42DC8965C816DC580 /* JITBootstrap.swift in Sources */ = {isa = PBXBuildFile; fileRef = 5664FE015975D16E7500F3C7 /* JITBootstrap.swift */; };
		50A3A90912B5C9D90B87D9BF /* cacert.pem in Resources */ = {isa = PBXBuildFile; fileRef = BE31FE0E8BF0D132E6298CE9 /* cacert.pem */; };
		50F7B80FBADEAF705EC960F8 /* husk-tl-jni-fmod.c in Sources */ = {isa = PBXBuildFile; fileRef = C575FDA8867C3A75AB2392E3 /* husk-tl-jni-fmod.c */; };
		5231634DF5866145DDE3A298 /* husk-tl-bionic.c in Sources */ = {isa = PBXBuildFile; fileRef = E8B800E5E712B4EFFB9F5D59 /* husk-tl-bionic.c */; };
		581DC803F723FFB10DDA759F /* HuskApp.swift in Sources */ = {isa = PBXBuildFile; fileRef = 85AAFB3E92FE2AE4A2FA4DD8 /* HuskApp.swift */; };
		58F5A9CE8DC62C27EC01AD68 /* husk-tl-opensles.c in Sources */ = {isa = PBXBuildFile; fileRef = FBD3B29AEC525999260507BD /* husk-tl-opensles.c */; };
		5926C1BBD1419AFBBFA2D1D6 /* husk-tl-http.m in Sources */ = {isa = PBXBuildFile; fileRef = 4B24977AD9B892864CD39481 /* husk-tl-http.m */; };
		59514CBA483F71A738A3B444 /* HuskMetalPresenter.swift in Sources */ = {isa = PBXBuildFile; fileRef = 4B259C39CD9CC4D2A8A3D8E8 /* HuskMetalPresenter.swift */; };
		5C20168883D258DF9715F6D9 /* AppDetailView.swift in Sources */ = {isa = PBXBuildFile; fileRef = C1F2A4FC567A4CCC74209DD4 /* AppDetailView.swift */; };
		5E4B0292717DAE8B0CAA99E4 /* QemuRunner.swift in Sources */ = {isa = PBXBuildFile; fileRef = 2E91A601F16886103BC482AB /* QemuRunner.swift */; };
		60DF5AC57C0225BEE8C9FB3A /* icon-dark.png in Resources */ = {isa = PBXBuildFile; fileRef = EA7240C2BD49C9F0CF7CB3DF /* icon-dark.png */; };
		61B170D2F117D85F651CD6E6 /* icon-cleardark.png in Resources */ = {isa = PBXBuildFile; fileRef = E3A701AA76E485A6CE15F106 /* icon-cleardark.png */; };
		622DA3EB6E956A9ED06CF55C /* husk-tl-probe.c in Sources */ = {isa = PBXBuildFile; fileRef = E4D1C81CB49D39A7D865A0DA /* husk-tl-probe.c */; };
		6A8A2290222C62C81EBF2E3E /* husk-tl-bionic-pthread.c in Sources */ = {isa = PBXBuildFile; fileRef = C2150DD286E82127CB5B7C8B /* husk-tl-bionic-pthread.c */; };
		70AAC964808B173B7E8E395B /* husk-tl-va.c in Sources */ = {isa = PBXBuildFile; fileRef = 23EF05EC9B3D8A0E6E8FC720 /* husk-tl-va.c */; };
		70AF7E999105691EB51B54FD /* JITSetup.swift in Sources */ = {isa = PBXBuildFile; fileRef = 83275C7FEF2DEB950028D914 /* JITSetup.swift */; };
		79606C9B3D5AF0CEADE3482D /* GuestImage.swift in Sources */ = {isa = PBXBuildFile; fileRef = 771B4FD56CABC214FEED6DFE /* GuestImage.swift */; };
		7A7A40B3B76C8BA2D7262907 /* husk-tl-egl-es31.inc in Resources */ = {isa = PBXBuildFile; fileRef = CE99D9E12CB5823C669D9CBC /* husk-tl-egl-es31.inc */; };
		7EF41C59B3AF51A4E96F20E0 /* fishhook.c in Sources */ = {isa = PBXBuildFile; fileRef = CC860BD7A5AF9DC83B015219 /* fishhook.c */; };
		7FA5D73DC2780CACC7399534 /* BundleUnpacker.swift in Sources */ = {isa = PBXBuildFile; fileRef = E37298010F80517A3057579E /* BundleUnpacker.swift */; };
		80C126C7BDB5EE56A7139C20 /* husk-tl-audio.c in Sources */ = {isa = PBXBuildFile; fileRef = 463C342B38F6BF37752F4E72 /* husk-tl-audio.c */; };
		80D3E838D7A84B6F82A5BA68 /* husk-tl-jni-tls.c in Sources */ = {isa = PBXBuildFile; fileRef = 1A03EC803ECECBFCA11026AF /* husk-tl-jni-tls.c */; };
		80F03D2EAABE3BFEA4A2785B /* husk-tl-framework.c in Sources */ = {isa = PBXBuildFile; fileRef = D50A30F186B58956276C9B24 /* husk-tl-framework.c */; };
		81557CC939994CE6350E1C81 /* HuskKeyboard.swift in Sources */ = {isa = PBXBuildFile; fileRef = 392BE39CE162757FDA225452 /* HuskKeyboard.swift */; };
		818D7D89195D77AA70E27DCF /* husk-tl-jni-hle.c in Sources */ = {isa = PBXBuildFile; fileRef = 54E1C79EFAAEBBC6992A36A6 /* husk-tl-jni-hle.c */; };
		853E83FF7FF5B9A7FDE5E638 /* BootScreen.swift in Sources */ = {isa = PBXBuildFile; fileRef = 6F40192B3EDAD27D2CBFFC2F /* BootScreen.swift */; };
		8586F8338A93D7526FAEAD97 /* husk-tl-xmem.c in Sources */ = {isa = PBXBuildFile; fileRef = 42CBC0D7ACAB400BDDFD7F9E /* husk-tl-xmem.c */; };
		8B5DED1C7C866D7140418522 /* HuskJITMessages.swift in Sources */ = {isa = PBXBuildFile; fileRef = 198FA3419B26F852A2B05ED9 /* HuskJITMessages.swift */; };
		8C743346878007F8D22CEA0A /* AppSource.swift in Sources */ = {isa = PBXBuildFile; fileRef = 15D08F1730303C74C1B7DE23 /* AppSource.swift */; };
		8E10E866080B28D4D397970A /* HuskGLView.swift in Sources */ = {isa = PBXBuildFile; fileRef = F337AAF2A6860FCB03810AA6 /* HuskGLView.swift */; };
		945DD86A7A210B74B2C7FF17 /* TLScreenView.swift in Sources */ = {isa = PBXBuildFile; fileRef = 66DDBC0AF7BE5742AA867515 /* TLScreenView.swift */; };
		9883B80CE2F3C84E5D6E0A8F /* husk-tl-elf.c in Sources */ = {isa = PBXBuildFile; fileRef = D08FCD7F480D6E2F65F26636 /* husk-tl-elf.c */; };
		9E3948EF967C2A0773C521DD /* husk-tl-jni-assetstream.c in Sources */ = {isa = PBXBuildFile; fileRef = FD6B5A72980D1EC374BFC326 /* husk-tl-jni-assetstream.c */; };
		9FA806201E1AF87FE7581742 /* husk-tl-jni-security.c in Sources */ = {isa = PBXBuildFile; fileRef = 85D8F83C8952092997CE071C /* husk-tl-jni-security.c */; };
		AAF3739690794B605F5D7CAE /* husk-tl-dexindex.c in Sources */ = {isa = PBXBuildFile; fileRef = AA12F6AB59959C0162BB8928 /* husk-tl-dexindex.c */; };
		AC5C07974C7A8658358A55C9 /* husk-tl-a64.c in Sources */ = {isa = PBXBuildFile; fileRef = 3ADCEA1477DA816D867C1EBB /* husk-tl-a64.c */; };
		B4CE75407A317521C77A2207 /* husk-tl-jni-loop.c in Sources */ = {isa = PBXBuildFile; fileRef = FE8922E7AB75C8C61B37986A /* husk-tl-jni-loop.c */; };
		B5C5BB7A0CFE28C032188D75 /* husk-tl-jni-ue4.c in Sources */ = {isa = PBXBuildFile; fileRef = ED3F7E0267BE8F2AC09FF772 /* husk-tl-jni-ue4.c */; };
		B7335D9F68CE6EAF0E3D9825 /* icon-tintedlight.png in Resources */ = {isa = PBXBuildFile; fileRef = 336AB2FDC58A5C08D55FF8F9 /* icon-tintedlight.png */; };
		B9D7168A505DD009DE222599 /* husk-tl-gamepad.c in Sources */ = {isa = PBXBuildFile; fileRef = 46287061DCF461334B1A8D2E /* husk-tl-gamepad.c */; };
		BA42565FACC0AAC10D8FEAF6 /* husk-tl-bionic-io.c in Sources */ = {isa = PBXBuildFile; fileRef = 7CC582FAC1F17C1C659C9D47 /* husk-tl-bionic-io.c */; };
		BBA9636793435EF7679E62F1 /* HuskAudio.swift in Sources */ = {isa = PBXBuildFile; fileRef = 14E50E2B9CCFF7B1FEF73608 /* HuskAudio.swift */; };
		BC0702C5451118E673E70F6F /* MoltenVK.xcframework in Embed Frameworks */ = {isa = PBXBuildFile; fileRef = 9713186CDCF6F1188BB4ABE1 /* MoltenVK.xcframework */; settings = {ATTRIBUTES = (CodeSignOnCopy, RemoveHeadersOnCopy, ); }; };
		BC3BB676A454632D3686E110 /* husk-tl-shim.c in Sources */ = {isa = PBXBuildFile; fileRef = 08B65F9A6BAA4E2376A0CBD8 /* husk-tl-shim.c */; };
		BCE050943992B8B07A7B70A9 /* HuskJITHelper.appex in Embed Foundation Extensions */ = {isa = PBXBuildFile; fileRef = C48A9F257449472675C4201A /* HuskJITHelper.appex */; settings = {ATTRIBUTES = (RemoveHeadersOnCopy, ); }; };
		BEDEEECE3AEB59701665C0D3 /* StikJIT.xcframework in Frameworks */ = {isa = PBXBuildFile; fileRef = BBCF8D04E0CEDAB3542C5271 /* StikJIT.xcframework */; };
		BF3B75F24D911729EFB2E8A6 /* husk-tl-gtasa.c in Sources */ = {isa = PBXBuildFile; fileRef = FCBE4C5BD3BC5033100C968E /* husk-tl-gtasa.c */; };
		C1A4C57DAA6BFD79AAE5FD88 /* JITBuiltIn.swift in Sources */ = {isa = PBXBuildFile; fileRef = 43C233A62FB57030C0818489 /* JITBuiltIn.swift */; };
		C561B0A164BC213A2A56D9C9 /* husk-tl-zip.c in Sources */ = {isa = PBXBuildFile; fileRef = 9E133BDBB6CB711003066815 /* husk-tl-zip.c */; };
		CE5D4B4D666CC7B351345EB3 /* LibraryView.swift in Sources */ = {isa = PBXBuildFile; fileRef = 56DAE8E0DADC5483D33F6B7B /* LibraryView.swift */; };
		CEA21B89D80905F908AEF47D /* husk-tl-bionic-str.c in Sources */ = {isa = PBXBuildFile; fileRef = 42C4CB582E3E0D917E2DBB4C /* husk-tl-bionic-str.c */; };
		D0C1B402D90EE4224DB8422E /* husk-tl-sdl-apps.c in Sources */ = {isa = PBXBuildFile; fileRef = 2284FD76BFBDA116B1181F5F /* husk-tl-sdl-apps.c */; };
		D1DB4D94478AB7DD95E1A24E /* OnboardingView.swift in Sources */ = {isa = PBXBuildFile; fileRef = 79E4865C5FE44ADD210A4917 /* OnboardingView.swift */; };
		D354FA5AC96B3361B4A5A635 /* ApkMetadata.swift in Sources */ = {isa = PBXBuildFile; fileRef = 2C3D6F74AFBE5CD222DE0553 /* ApkMetadata.swift */; };
		D5795B7B2815D857E136AC85 /* LibraryTab.swift in Sources */ = {isa = PBXBuildFile; fileRef = 34EE1ED95268ED65B2AA9A5A /* LibraryTab.swift */; };
		D61EF536158A8495F2B0CE79 /* JITSetupView.swift in Sources */ = {isa = PBXBuildFile; fileRef = 5894E74BA308222C01AEE311 /* JITSetupView.swift */; };
		D6E9F96BE6AF7C985488D030 /* VirtualPad.swift in Sources */ = {isa = PBXBuildFile; fileRef = 0F570EB6EAB321272B32955C /* VirtualPad.swift */; };
		DD78A64F53CD2C615EB004B3 /* LICENSE-idevice-MIT.txt in Resources */ = {isa = PBXBuildFile; fileRef = A45038B8E06A02311695BE90 /* LICENSE-idevice-MIT.txt */; };
		E165A4CCFD518F67D08A4696 /* husk-tl-bionic-ndk.c in Sources */ = {isa = PBXBuildFile; fileRef = FF5A120A4E0B3EE166D789C4 /* husk-tl-bionic-ndk.c */; };
		E1F5B2BE674BB476433BFCEF /* husk-tl-cocos-text.c in Sources */ = {isa = PBXBuildFile; fileRef = 9217F354B8587F75369229F8 /* husk-tl-cocos-text.c */; };
		E2C01F517E73992A29E22EC2 /* husk-jit.js in Resources */ = {isa = PBXBuildFile; fileRef = B74F9AA42414905593B347BA /* husk-jit.js */; };
		E6975EAFAE86144999E8B267 /* husk-tl-cocos.c in Sources */ = {isa = PBXBuildFile; fileRef = 6B7990E89ED6098029981E38 /* husk-tl-cocos.c */; };
		E7095C2C706335203227319A /* JITPairing.swift in Sources */ = {isa = PBXBuildFile; fileRef = EF6C1917FEC08090833D9CF0 /* JITPairing.swift */; };
		E8E067635E072083A772DADE /* HuskJITHelper.swift in Sources */ = {isa = PBXBuildFile; fileRef = 1C1FC868194AB42F653D94F9 /* HuskJITHelper.swift */; };
		EA48FA05D5B2D1C216C8D67E /* husk-tl-jni-http.c in Sources */ = {isa = PBXBuildFile; fileRef = 411E4F9A6C6D4F737E8611B9 /* husk-tl-jni-http.c */; };
		EBA260CEB1E1AD0D117CE0D5 /* husk-tl-unity.c in Sources */ = {isa = PBXBuildFile; fileRef = 2C2AAB4C0C1CD9F4CC69E4E8 /* husk-tl-unity.c */; };
		EBC8548011E6708CF09F8386 /* TLAppSettings.swift in Sources */ = {isa = PBXBuildFile; fileRef = 5EBCB1A1B865B14C76096042 /* TLAppSettings.swift */; };
		EBDBC46EF4E65E1DA2342F6B /* DiscoverTab.swift in Sources */ = {isa = PBXBuildFile; fileRef = 48DA17A30AE793049F358717 /* DiscoverTab.swift */; };
		EC8B11F723C188F32B5D9DCA /* libqemu-aarch64-softmmu.dylib in Embed Frameworks */ = {isa = PBXBuildFile; fileRef = 1B29247002CE43A3B9DEC633 /* libqemu-aarch64-softmmu.dylib */; settings = {ATTRIBUTES = (CodeSignOnCopy, RemoveHeadersOnCopy, ); }; };
		EDD9BF5E120ED2453CB023FA /* icon-default.png in Resources */ = {isa = PBXBuildFile; fileRef = 555112D0E3895EBE37A68FEB /* icon-default.png */; };
		F1E2ED25F28A24BA7197C5DB /* PipeShim.c in Sources */ = {isa = PBXBuildFile; fileRef = 766F6F7816E672E83CFFE47D /* PipeShim.c */; };
		F4833815482790E167401965 /* husk-tl-ld.c in Sources */ = {isa = PBXBuildFile; fileRef = 4D54C1E4F20A020AC62C9419 /* husk-tl-ld.c */; };
		F6880CA30640F688356229CF /* HuskMetalView.swift in Sources */ = {isa = PBXBuildFile; fileRef = D91C1E7D6301EBCE06FEE0FE /* HuskMetalView.swift */; };
		F6B3DA43CA16FAF920EF236D /* AppTheme.swift in Sources */ = {isa = PBXBuildFile; fileRef = D05B2EFC533719ED2E455C24 /* AppTheme.swift */; };
		FA5016C04E0EFC5FD0CF32F9 /* JITCard.swift in Sources */ = {isa = PBXBuildFile; fileRef = F54A47159D39CB8039E9E44E /* JITCard.swift */; };
		FA8097D8E118A8CE8DBCF763 /* LICENSE-StikJIT-MPL-2.0.txt in Resources */ = {isa = PBXBuildFile; fileRef = 2E95AED70FA457D447AE0DFF /* LICENSE-StikJIT-MPL-2.0.txt */; };
		FC2A6DCF8BB4C5E874D4F4D3 /* HuskGamepad.swift in Sources */ = {isa = PBXBuildFile; fileRef = FE13DC571D193621CD6149EA /* HuskGamepad.swift */; };
		FC8F2E79EF7CDBC99D95F4F6 /* husk-tl-jni-input.c in Sources */ = {isa = PBXBuildFile; fileRef = 28152D0874B73915225FE8EA /* husk-tl-jni-input.c */; };
		FCC98727BBE825F227BA85DC /* husk-tl-prefs.c in Sources */ = {isa = PBXBuildFile; fileRef = 86A6E743652A606829BC044B /* husk-tl-prefs.c */; };
/* End PBXBuildFile section */

/* Begin PBXContainerItemProxy section */
		8D133EAAD0D665A5339C673B /* PBXContainerItemProxy */ = {
			isa = PBXContainerItemProxy;
			containerPortal = 0B9EDB508C7FA3D273DBF5DC /* Project object */;
			proxyType = 1;
			remoteGlobalIDString = 6C8C570E68C18D427777A06E;
			remoteInfo = HuskJITHelper;
		};
/* End PBXContainerItemProxy section */

/* Begin PBXCopyFilesBuildPhase section */
		519A6523ED45941660EDDD39 /* Embed Frameworks */ = {
			isa = PBXCopyFilesBuildPhase;
			buildActionMask = 2147483647;
			dstPath = "";
			dstSubfolderSpec = 10;
			files = (
				EC8B11F723C188F32B5D9DCA /* libqemu-aarch64-softmmu.dylib in Embed Frameworks */,
				0B197878C829D66E77FD7E3F /* libANGLE-shared.dylib in Embed Frameworks */,
				BC0702C5451118E673E70F6F /* MoltenVK.xcframework in Embed Frameworks */,
			);
			name = "Embed Frameworks";
			runOnlyForDeploymentPostprocessing = 0;
		};
		669F9F78828E3A31EB56311E /* Embed Foundation Extensions */ = {
			isa = PBXCopyFilesBuildPhase;
			buildActionMask = 2147483647;
			dstPath = "";
			dstSubfolderSpec = 13;
			files = (
				BCE050943992B8B07A7B70A9 /* HuskJITHelper.appex in Embed Foundation Extensions */,
			);
			name = "Embed Foundation Extensions";
			runOnlyForDeploymentPostprocessing = 0;
		};
/* End PBXCopyFilesBuildPhase section */

/* Begin PBXFileReference section */
		0168E1B352FFD7A4BC207CA5 /* HuskBridgeFS.swift */ = {isa = PBXFileReference; lastKnownFileType = sourcecode.swift; path = HuskBridgeFS.swift; sourceTree = "<group>"; };
		02BDBFFD3329C33172416AEB /* husk-tl-ld.h */ = {isa = PBXFileReference; lastKnownFileType = sourcecode.c.h; path = "husk-tl-ld.h"; sourceTree = "<group>"; };
		08B65F9A6BAA4E2376A0CBD8 /* husk-tl-shim.c */ = {isa = PBXFileReference; lastKnownFileType = sourcecode.c.c; path = "husk-tl-shim.c"; sourceTree = "<group>"; };
		0C8178C469873F2DA90BB728 /* husk-tl-gameactivity.h */ = {isa = PBXFileReference; lastKnownFileType = sourcecode.c.h; path = "husk-tl-gameactivity.h"; sourceTree = "<group>"; };
		0F570EB6EAB321272B32955C /* VirtualPad.swift */ = {isa = PBXFileReference; lastKnownFileType = sourcecode.swift; path = VirtualPad.swift; sourceTree = "<group>"; };
		100DF87CB49D35A4DA089C94 /* husk-tl-framework.h */ = {isa = PBXFileReference; lastKnownFileType = sourcecode.c.h; path = "husk-tl-framework.h"; sourceTree = "<group>"; };
		14E50E2B9CCFF7B1FEF73608 /* HuskAudio.swift */ = {isa = PBXFileReference; lastKnownFileType = sourcecode.swift; path = HuskAudio.swift; sourceTree = "<group>"; };
		15D08F1730303C74C1B7DE23 /* AppSource.swift */ = {isa = PBXFileReference; lastKnownFileType = sourcecode.swift; path = AppSource.swift; sourceTree = "<group>"; };
		198FA3419B26F852A2B05ED9 /* HuskJITMessages.swift */ = {isa = PBXFileReference; lastKnownFileType = sourcecode.swift; path = HuskJITMessages.swift; sourceTree = "<group>"; };
		1A03EC803ECECBFCA11026AF /* husk-tl-jni-tls.c */ = {isa = PBXFileReference; lastKnownFileType = sourcecode.c.c; path = "husk-tl-jni-tls.c"; sourceTree = "<group>"; };
		1B29247002CE43A3B9DEC633 /* libqemu-aarch64-softmmu.dylib */ = {isa = PBXFileReference; lastKnownFileType = "compiled.mach-o.dylib"; name = "libqemu-aarch64-softmmu.dylib"; path = "../../build/ios-arm64/lib/libqemu-aarch64-softmmu.dylib"; sourceTree = "<group>"; };
		1C045A42AF1AB4965370A87F /* husk-tl-bionic.h */ = {isa = PBXFileReference; lastKnownFileType = sourcecode.c.h; path = "husk-tl-bionic.h"; sourceTree = "<group>"; };
		1C1FC868194AB42F653D94F9 /* HuskJITHelper.swift */ = {isa = PBXFileReference; lastKnownFileType = sourcecode.swift; path = HuskJITHelper.swift; sourceTree = "<group>"; };
		211CC4F06EC722E5972D7F3B /* TLUnityView.swift */ = {isa = PBXFileReference; lastKnownFileType = sourcecode.swift; path = TLUnityView.swift; sourceTree = "<group>"; };
		2284FD76BFBDA116B1181F5F /* husk-tl-sdl-apps.c */ = {isa = PBXFileReference; lastKnownFileType = sourcecode.c.c; path = "husk-tl-sdl-apps.c"; sourceTree = "<group>"; };
		23EF05EC9B3D8A0E6E8FC720 /* husk-tl-va.c */ = {isa = PBXFileReference; lastKnownFileType = sourcecode.c.c; path = "husk-tl-va.c"; sourceTree = "<group>"; };
		242DD6EEB7DA97455CD76826 /* husk-tl-json.c */ = {isa = PBXFileReference; lastKnownFileType = sourcecode.c.c; path = "husk-tl-json.c"; sourceTree = "<group>"; };
		25E6473CC71D3627AB9709D1 /* husk-tl-jni.h */ = {isa = PBXFileReference; lastKnownFileType = sourcecode.c.h; path = "husk-tl-jni.h"; sourceTree = "<group>"; };
		272578DB0CBA40E69B87093D /* husk-tl-a64.h */ = {isa = PBXFileReference; lastKnownFileType = sourcecode.c.h; path = "husk-tl-a64.h"; sourceTree = "<group>"; };
		28152D0874B73915225FE8EA /* husk-tl-jni-input.c */ = {isa = PBXFileReference; lastKnownFileType = sourcecode.c.c; path = "husk-tl-jni-input.c"; sourceTree = "<group>"; };
		28D3E1CEE343707BE986FA6E /* Assets.xcassets */ = {isa = PBXFileReference; lastKnownFileType = folder.assetcatalog; path = Assets.xcassets; sourceTree = "<group>"; };
		2A9382EA9FFB54E6B2BB52A3 /* icon-clearlight.png */ = {isa = PBXFileReference; lastKnownFileType = image.png; path = "icon-clearlight.png"; sourceTree = "<group>"; };
		2C2AAB4C0C1CD9F4CC69E4E8 /* husk-tl-unity.c */ = {isa = PBXFileReference; lastKnownFileType = sourcecode.c.c; path = "husk-tl-unity.c"; sourceTree = "<group>"; };
		2C3D6F74AFBE5CD222DE0553 /* ApkMetadata.swift */ = {isa = PBXFileReference; lastKnownFileType = sourcecode.swift; path = ApkMetadata.swift; sourceTree = "<group>"; };
		2E91A601F16886103BC482AB /* QemuRunner.swift */ = {isa = PBXFileReference; lastKnownFileType = sourcecode.swift; path = QemuRunner.swift; sourceTree = "<group>"; };
		2E95AED70FA457D447AE0DFF /* LICENSE-StikJIT-MPL-2.0.txt */ = {isa = PBXFileReference; lastKnownFileType = text; path = "LICENSE-StikJIT-MPL-2.0.txt"; sourceTree = "<group>"; };
		336AB2FDC58A5C08D55FF8F9 /* icon-tintedlight.png */ = {isa = PBXFileReference; lastKnownFileType = image.png; path = "icon-tintedlight.png"; sourceTree = "<group>"; };
		34EE1ED95268ED65B2AA9A5A /* LibraryTab.swift */ = {isa = PBXFileReference; lastKnownFileType = sourcecode.swift; path = LibraryTab.swift; sourceTree = "<group>"; };
		3517ADBC96090BF2A656BD8B /* Info.plist */ = {isa = PBXFileReference; lastKnownFileType = text.plist; path = Info.plist; sourceTree = "<group>"; };
		359A1AAA11C7A67E7C817076 /* husk-tl-blit.h */ = {isa = PBXFileReference; lastKnownFileType = sourcecode.c.h; path = "husk-tl-blit.h"; sourceTree = "<group>"; };
		392BE39CE162757FDA225452 /* HuskKeyboard.swift */ = {isa = PBXFileReference; lastKnownFileType = sourcecode.swift; path = HuskKeyboard.swift; sourceTree = "<group>"; };
		3ACE2921134A2C3A3DC93272 /* husk-tl-jni-minecraft.c */ = {isa = PBXFileReference; lastKnownFileType = sourcecode.c.c; path = "husk-tl-jni-minecraft.c"; sourceTree = "<group>"; };
		3ADCEA1477DA816D867C1EBB /* husk-tl-a64.c */ = {isa = PBXFileReference; lastKnownFileType = sourcecode.c.c; path = "husk-tl-a64.c"; sourceTree = "<group>"; };
		3B1406C4A7D0F7E50BCB365B /* libANGLE-shared.dylib */ = {isa = PBXFileReference; lastKnownFileType = "compiled.mach-o.dylib"; name = "libANGLE-shared.dylib"; path = "../../build/ios-arm64/sysroot/lib/libANGLE-shared.dylib"; sourceTree = "<group>"; };
		3B72237F810FCE0EE433FA3D /* husk-tl-nativeactivity.c */ = {isa = PBXFileReference; lastKnownFileType = sourcecode.c.c; path = "husk-tl-nativeactivity.c"; sourceTree = "<group>"; };
		3B9FC5A63D4CAA7FBDA016EB /* fishhook.h */ = {isa = PBXFileReference; lastKnownFileType = sourcecode.c.h; path = fishhook.h; sourceTree = "<group>"; };
		40BF573E8CED9B238E762BA6 /* FilesTab.swift */ = {isa = PBXFileReference; lastKnownFileType = sourcecode.swift; path = FilesTab.swift; sourceTree = "<group>"; };
		411E4F9A6C6D4F737E8611B9 /* husk-tl-jni-http.c */ = {isa = PBXFileReference; lastKnownFileType = sourcecode.c.c; path = "husk-tl-jni-http.c"; sourceTree = "<group>"; };
		42A3D0C796971935D477F89B /* husk-tl-vulkan.m */ = {isa = PBXFileReference; lastKnownFileType = sourcecode.c.objc; path = "husk-tl-vulkan.m"; sourceTree = "<group>"; };
		42C4CB582E3E0D917E2DBB4C /* husk-tl-bionic-str.c */ = {isa = PBXFileReference; lastKnownFileType = sourcecode.c.c; path = "husk-tl-bionic-str.c"; sourceTree = "<group>"; };
		42CBC0D7ACAB400BDDFD7F9E /* husk-tl-xmem.c */ = {isa = PBXFileReference; lastKnownFileType = sourcecode.c.c; path = "husk-tl-xmem.c"; sourceTree = "<group>"; };
		4385A14B11CBA1C3502D433D /* husk-tl-scan.c */ = {isa = PBXFileReference; lastKnownFileType = sourcecode.c.c; path = "husk-tl-scan.c"; sourceTree = "<group>"; };
		43C233A62FB57030C0818489 /* JITBuiltIn.swift */ = {isa = PBXFileReference; lastKnownFileType = sourcecode.swift; path = JITBuiltIn.swift; sourceTree = "<group>"; };
		44BAD09F39FA4184F97AB0D0 /* husk-tl-bionic-cxx.c */ = {isa = PBXFileReference; lastKnownFileType = sourcecode.c.c; path = "husk-tl-bionic-cxx.c"; sourceTree = "<group>"; };
		46287061DCF461334B1A8D2E /* husk-tl-gamepad.c */ = {isa = PBXFileReference; lastKnownFileType = sourcecode.c.c; path = "husk-tl-gamepad.c"; sourceTree = "<group>"; };
		463C342B38F6BF37752F4E72 /* husk-tl-audio.c */ = {isa = PBXFileReference; lastKnownFileType = sourcecode.c.c; path = "husk-tl-audio.c"; sourceTree = "<group>"; };
		473B239012BE00391A4164ED /* husk-tl-audio.h */ = {isa = PBXFileReference; lastKnownFileType = sourcecode.c.h; path = "husk-tl-audio.h"; sourceTree = "<group>"; };
		48DA17A30AE793049F358717 /* DiscoverTab.swift */ = {isa = PBXFileReference; lastKnownFileType = sourcecode.swift; path = DiscoverTab.swift; sourceTree = "<group>"; };
		4A0490485F9BA884A0554EAD /* GuestManifest.swift */ = {isa = PBXFileReference; lastKnownFileType = sourcecode.swift; path = GuestManifest.swift; sourceTree = "<group>"; };
		4B24977AD9B892864CD39481 /* husk-tl-http.m */ = {isa = PBXFileReference; lastKnownFileType = sourcecode.c.objc; path = "husk-tl-http.m"; sourceTree = "<group>"; };
		4B259C39CD9CC4D2A8A3D8E8 /* HuskMetalPresenter.swift */ = {isa = PBXFileReference; lastKnownFileType = sourcecode.swift; path = HuskMetalPresenter.swift; sourceTree = "<group>"; };
		4BD6ABD20471B2CACF60ABD4 /* TranslationLayer.swift */ = {isa = PBXFileReference; lastKnownFileType = sourcecode.swift; path = TranslationLayer.swift; sourceTree = "<group>"; };
		4D3B9FB2A68373C457706DA9 /* Husk.app */ = {isa = PBXFileReference; includeInIndex = 0; lastKnownFileType = wrapper.application; path = Husk.app; sourceTree = BUILT_PRODUCTS_DIR; };
		4D54C1E4F20A020AC62C9419 /* husk-tl-ld.c */ = {isa = PBXFileReference; lastKnownFileType = sourcecode.c.c; path = "husk-tl-ld.c"; sourceTree = "<group>"; };
		505B834A46F5AA7C2BBE8526 /* husk-tl-res.h */ = {isa = PBXFileReference; lastKnownFileType = sourcecode.c.h; path = "husk-tl-res.h"; sourceTree = "<group>"; };
		5236C5746D2CDE06C5D438BB /* HuskAppIcon.swift */ = {isa = PBXFileReference; lastKnownFileType = sourcecode.swift; path = HuskAppIcon.swift; sourceTree = "<group>"; };
		54E1C79EFAAEBBC6992A36A6 /* husk-tl-jni-hle.c */ = {isa = PBXFileReference; lastKnownFileType = sourcecode.c.c; path = "husk-tl-jni-hle.c"; sourceTree = "<group>"; };
		555112D0E3895EBE37A68FEB /* icon-default.png */ = {isa = PBXFileReference; lastKnownFileType = image.png; path = "icon-default.png"; sourceTree = "<group>"; };
		5664FE015975D16E7500F3C7 /* JITBootstrap.swift */ = {isa = PBXFileReference; lastKnownFileType = sourcecode.swift; path = JITBootstrap.swift; sourceTree = "<group>"; };
		56DAE8E0DADC5483D33F6B7B /* LibraryView.swift */ = {isa = PBXFileReference; lastKnownFileType = sourcecode.swift; path = LibraryView.swift; sourceTree = "<group>"; };
		5894E74BA308222C01AEE311 /* JITSetupView.swift */ = {isa = PBXFileReference; lastKnownFileType = sourcecode.swift; path = JITSetupView.swift; sourceTree = "<group>"; };
		5BE31DC5ACA28C0133F828FA /* husk-tl-load.c */ = {isa = PBXFileReference; lastKnownFileType = sourcecode.c.c; path = "husk-tl-load.c"; sourceTree = "<group>"; };
		5EB0AF32D5E40E753DDD85DA /* Theme.swift */ = {isa = PBXFileReference; lastKnownFileType = sourcecode.swift; path = Theme.swift; sourceTree = "<group>"; };
		5EBCB1A1B865B14C76096042 /* TLAppSettings.swift */ = {isa = PBXFileReference; lastKnownFileType = sourcecode.swift; path = TLAppSettings.swift; sourceTree = "<group>"; };
		6146DAE69D6D6462FB1FB771 /* HuskFilePicker.swift */ = {isa = PBXFileReference; lastKnownFileType = sourcecode.swift; path = HuskFilePicker.swift; sourceTree = "<group>"; };
		619394B1069242D8750E7F33 /* Husk.entitlements */ = {isa = PBXFileReference; lastKnownFileType = text.plist.entitlements; path = Husk.entitlements; sourceTree = "<group>"; };
		66DDBC0AF7BE5742AA867515 /* TLScreenView.swift */ = {isa = PBXFileReference; lastKnownFileType = sourcecode.swift; path = TLScreenView.swift; sourceTree = "<group>"; };
		690B2DA647B7B75C11DDDA9F /* HuskBridge.h */ = {isa = PBXFileReference; lastKnownFileType = sourcecode.c.h; path = HuskBridge.h; sourceTree = "<group>"; };
		6990DECA802D2C4493C28A4A /* husk-tl-egl.c */ = {isa = PBXFileReference; lastKnownFileType = sourcecode.c.c; path = "husk-tl-egl.c"; sourceTree = "<group>"; };
		6B7990E89ED6098029981E38 /* husk-tl-cocos.c */ = {isa = PBXFileReference; lastKnownFileType = sourcecode.c.c; path = "husk-tl-cocos.c"; sourceTree = "<group>"; };
		6CAD18BA88F03D63EF1F5DF2 /* ContentView.swift */ = {isa = PBXFileReference; lastKnownFileType = sourcecode.swift; path = ContentView.swift; sourceTree = "<group>"; };
		6D7C478354C0F283365422FD /* husk-tl-dex.h */ = {isa = PBXFileReference; lastKnownFileType = sourcecode.c.h; path = "husk-tl-dex.h"; sourceTree = "<group>"; };
		6F40192B3EDAD27D2CBFFC2F /* BootScreen.swift */ = {isa = PBXFileReference; lastKnownFileType = sourcecode.swift; path = BootScreen.swift; sourceTree = "<group>"; };
		7104A621330A81BD69495520 /* husk-tl-internal.h */ = {isa = PBXFileReference; lastKnownFileType = sourcecode.c.h; path = "husk-tl-internal.h"; sourceTree = "<group>"; };
		766F6F7816E672E83CFFE47D /* PipeShim.c */ = {isa = PBXFileReference; lastKnownFileType = sourcecode.c.c; path = PipeShim.c; sourceTree = "<group>"; };
		771B4FD56CABC214FEED6DFE /* GuestImage.swift */ = {isa = PBXFileReference; lastKnownFileType = sourcecode.swift; path = GuestImage.swift; sourceTree = "<group>"; };
		79E4865C5FE44ADD210A4917 /* OnboardingView.swift */ = {isa = PBXFileReference; lastKnownFileType = sourcecode.swift; path = OnboardingView.swift; sourceTree = "<group>"; };
		7B5E2D3E9F12A2A3BB5BBDC7 /* husk-tl-gtasa.h */ = {isa = PBXFileReference; lastKnownFileType = sourcecode.c.h; path = "husk-tl-gtasa.h"; sourceTree = "<group>"; };
		7CC582FAC1F17C1C659C9D47 /* husk-tl-bionic-io.c */ = {isa = PBXFileReference; lastKnownFileType = sourcecode.c.c; path = "husk-tl-bionic-io.c"; sourceTree = "<group>"; };
		7F8AFBCC1E9A402444C2D1E6 /* husk-tl-bionic-net.c */ = {isa = PBXFileReference; lastKnownFileType = sourcecode.c.c; path = "husk-tl-bionic-net.c"; sourceTree = "<group>"; };
		7FD8DC66414547110F0E0B0E /* husk-tl-res.c */ = {isa = PBXFileReference; lastKnownFileType = sourcecode.c.c; path = "husk-tl-res.c"; sourceTree = "<group>"; };
		7FE5D3DD79B5BEA14506FF60 /* husk-tl-dex.c */ = {isa = PBXFileReference; lastKnownFileType = sourcecode.c.c; path = "husk-tl-dex.c"; sourceTree = "<group>"; };
		7FFF8E257AE872A53A4E3066 /* HuskRPPairing.h */ = {isa = PBXFileReference; lastKnownFileType = sourcecode.c.h; path = HuskRPPairing.h; sourceTree = "<group>"; };
		83275C7FEF2DEB950028D914 /* JITSetup.swift */ = {isa = PBXFileReference; lastKnownFileType = sourcecode.swift; path = JITSetup.swift; sourceTree = "<group>"; };
		85AAFB3E92FE2AE4A2FA4DD8 /* HuskApp.swift */ = {isa = PBXFileReference; lastKnownFileType = sourcecode.swift; path = HuskApp.swift; sourceTree = "<group>"; };
		85D8F83C8952092997CE071C /* husk-tl-jni-security.c */ = {isa = PBXFileReference; lastKnownFileType = sourcecode.c.c; path = "husk-tl-jni-security.c"; sourceTree = "<group>"; };
		86A6E743652A606829BC044B /* husk-tl-prefs.c */ = {isa = PBXFileReference; lastKnownFileType = sourcecode.c.c; path = "husk-tl-prefs.c"; sourceTree = "<group>"; };
		9217F354B8587F75369229F8 /* husk-tl-cocos-text.c */ = {isa = PBXFileReference; lastKnownFileType = sourcecode.c.c; path = "husk-tl-cocos-text.c"; sourceTree = "<group>"; };
		9545A76356E04E05C3174FA8 /* husk-tl-va.h */ = {isa = PBXFileReference; lastKnownFileType = sourcecode.c.h; path = "husk-tl-va.h"; sourceTree = "<group>"; };
		9713186CDCF6F1188BB4ABE1 /* MoltenVK.xcframework */ = {isa = PBXFileReference; lastKnownFileType = wrapper.xcframework; name = MoltenVK.xcframework; path = "../../build/ios-arm64/lib/MoltenVK.xcframework"; sourceTree = "<group>"; };
		97E83F7EE31FE180D0FA3105 /* husk-tl-http.h */ = {isa = PBXFileReference; lastKnownFileType = sourcecode.c.h; path = "husk-tl-http.h"; sourceTree = "<group>"; };
		9DA435135C98A8EFBDEAF79A /* husk-tl-sdl.h */ = {isa = PBXFileReference; lastKnownFileType = sourcecode.c.h; path = "husk-tl-sdl.h"; sourceTree = "<group>"; };
		9E133BDBB6CB711003066815 /* husk-tl-zip.c */ = {isa = PBXFileReference; lastKnownFileType = sourcecode.c.c; path = "husk-tl-zip.c"; sourceTree = "<group>"; };
		A22242B8E3E7067D6EB2AB95 /* husk-tl-jni.c */ = {isa = PBXFileReference; lastKnownFileType = sourcecode.c.c; path = "husk-tl-jni.c"; sourceTree = "<group>"; };
		A33191A0A3B6B70EEAB85D43 /* husk-tl-cocos.h */ = {isa = PBXFileReference; lastKnownFileType = sourcecode.c.h; path = "husk-tl-cocos.h"; sourceTree = "<group>"; };
		A45038B8E06A02311695BE90 /* LICENSE-idevice-MIT.txt */ = {isa = PBXFileReference; lastKnownFileType = text; path = "LICENSE-idevice-MIT.txt"; sourceTree = "<group>"; };
		A523DB1FEA5BC026771035C7 /* Shaders.metal */ = {isa = PBXFileReference; lastKnownFileType = sourcecode.metal; path = Shaders.metal; sourceTree = "<group>"; };
		A81352103CC22A0719104C2C /* husk-tl.h */ = {isa = PBXFileReference; lastKnownFileType = sourcecode.c.h; path = "husk-tl.h"; sourceTree = "<group>"; };
		AA12F6AB59959C0162BB8928 /* husk-tl-dexindex.c */ = {isa = PBXFileReference; lastKnownFileType = sourcecode.c.c; path = "husk-tl-dexindex.c"; sourceTree = "<group>"; };
		AE14E4B61CC873501D7EAE6E /* SettingsTab.swift */ = {isa = PBXFileReference; lastKnownFileType = sourcecode.swift; path = SettingsTab.swift; sourceTree = "<group>"; };
		B318C3E235A47EA295C46433 /* husk-tl-nativeactivity.h */ = {isa = PBXFileReference; lastKnownFileType = sourcecode.c.h; path = "husk-tl-nativeactivity.h"; sourceTree = "<group>"; };
		B74F9AA42414905593B347BA /* husk-jit.js */ = {isa = PBXFileReference; lastKnownFileType = sourcecode.javascript; path = "husk-jit.js"; sourceTree = "<group>"; };
		B76CE6F39722749AA0027959 /* husk-tl-jni-cocos.c */ = {isa = PBXFileReference; lastKnownFileType = sourcecode.c.c; path = "husk-tl-jni-cocos.c"; sourceTree = "<group>"; };
		BBCF8D04E0CEDAB3542C5271 /* StikJIT.xcframework */ = {isa = PBXFileReference; lastKnownFileType = wrapper.xcframework; name = StikJIT.xcframework; path = Frameworks/StikJIT.xcframework; sourceTree = "<group>"; };
		BCA22CD85A237E860D437698 /* husk-tl-unity-app.c */ = {isa = PBXFileReference; lastKnownFileType = sourcecode.c.c; path = "husk-tl-unity-app.c"; sourceTree = "<group>"; };
		BE31FE0E8BF0D132E6298CE9 /* cacert.pem */ = {isa = PBXFileReference; path = cacert.pem; sourceTree = "<group>"; };
		C1F2A4FC567A4CCC74209DD4 /* AppDetailView.swift */ = {isa = PBXFileReference; lastKnownFileType = sourcecode.swift; path = AppDetailView.swift; sourceTree = "<group>"; };
		C2150DD286E82127CB5B7C8B /* husk-tl-bionic-pthread.c */ = {isa = PBXFileReference; lastKnownFileType = sourcecode.c.c; path = "husk-tl-bionic-pthread.c"; sourceTree = "<group>"; };
		C48A155D03D70E7DC8411ED5 /* husk-tl-sdl.c */ = {isa = PBXFileReference; lastKnownFileType = sourcecode.c.c; path = "husk-tl-sdl.c"; sourceTree = "<group>"; };
		C48A9F257449472675C4201A /* HuskJITHelper.appex */ = {isa = PBXFileReference; includeInIndex = 0; lastKnownFileType = "wrapper.app-extension"; path = HuskJITHelper.appex; sourceTree = BUILT_PRODUCTS_DIR; };
		C575FDA8867C3A75AB2392E3 /* husk-tl-jni-fmod.c */ = {isa = PBXFileReference; lastKnownFileType = sourcecode.c.c; path = "husk-tl-jni-fmod.c"; sourceTree = "<group>"; };
		C6541CC4432CA2CE74901320 /* HuskLog.swift */ = {isa = PBXFileReference; lastKnownFileType = sourcecode.swift; path = HuskLog.swift; sourceTree = "<group>"; };
		CB3F6E9B90C81C37AAABE363 /* husk-tl-blit.c */ = {isa = PBXFileReference; lastKnownFileType = sourcecode.c.c; path = "husk-tl-blit.c"; sourceTree = "<group>"; };
		CC60CF82D64B2CBA61196F88 /* husk-tl-gamepad.h */ = {isa = PBXFileReference; lastKnownFileType = sourcecode.c.h; path = "husk-tl-gamepad.h"; sourceTree = "<group>"; };
		CC860BD7A5AF9DC83B015219 /* fishhook.c */ = {isa = PBXFileReference; lastKnownFileType = sourcecode.c.c; path = fishhook.c; sourceTree = "<group>"; };
		CE99D9E12CB5823C669D9CBC /* husk-tl-egl-es31.inc */ = {isa = PBXFileReference; lastKnownFileType = sourcecode.pascal; path = "husk-tl-egl-es31.inc"; sourceTree = "<group>"; };
		CFAB9C41A483CA08C1037AAC /* husk-tl-gameactivity.c */ = {isa = PBXFileReference; lastKnownFileType = sourcecode.c.c; path = "husk-tl-gameactivity.c"; sourceTree = "<group>"; };
		D05B2EFC533719ED2E455C24 /* AppTheme.swift */ = {isa = PBXFileReference; lastKnownFileType = sourcecode.swift; path = AppTheme.swift; sourceTree = "<group>"; };
		D08FCD7F480D6E2F65F26636 /* husk-tl-elf.c */ = {isa = PBXFileReference; lastKnownFileType = sourcecode.c.c; path = "husk-tl-elf.c"; sourceTree = "<group>"; };
		D0A9148DED6969D97D56406C /* LICENSES-rppairing-crates.txt */ = {isa = PBXFileReference; lastKnownFileType = text; path = "LICENSES-rppairing-crates.txt"; sourceTree = "<group>"; };
		D50A30F186B58956276C9B24 /* husk-tl-framework.c */ = {isa = PBXFileReference; lastKnownFileType = sourcecode.c.c; path = "husk-tl-framework.c"; sourceTree = "<group>"; };
		D6F6414E03E6D7DC976A7E4D /* husk-tl-vulkan.h */ = {isa = PBXFileReference; lastKnownFileType = sourcecode.c.h; path = "husk-tl-vulkan.h"; sourceTree = "<group>"; };
		D91C1E7D6301EBCE06FEE0FE /* HuskMetalView.swift */ = {isa = PBXFileReference; lastKnownFileType = sourcecode.swift; path = HuskMetalView.swift; sourceTree = "<group>"; };
		E29734A13FFD848BA212FAED /* husk-tl-unity.h */ = {isa = PBXFileReference; lastKnownFileType = sourcecode.c.h; path = "husk-tl-unity.h"; sourceTree = "<group>"; };
		E37298010F80517A3057579E /* BundleUnpacker.swift */ = {isa = PBXFileReference; lastKnownFileType = sourcecode.swift; path = BundleUnpacker.swift; sourceTree = "<group>"; };
		E3A701AA76E485A6CE15F106 /* icon-cleardark.png */ = {isa = PBXFileReference; lastKnownFileType = image.png; path = "icon-cleardark.png"; sourceTree = "<group>"; };
		E4D1C81CB49D39A7D865A0DA /* husk-tl-probe.c */ = {isa = PBXFileReference; lastKnownFileType = sourcecode.c.c; path = "husk-tl-probe.c"; sourceTree = "<group>"; };
		E7F3F73724FABE806D994905 /* husk-tl-prefs.h */ = {isa = PBXFileReference; lastKnownFileType = sourcecode.c.h; path = "husk-tl-prefs.h"; sourceTree = "<group>"; };
		E8B800E5E712B4EFFB9F5D59 /* husk-tl-bionic.c */ = {isa = PBXFileReference; lastKnownFileType = sourcecode.c.c; path = "husk-tl-bionic.c"; sourceTree = "<group>"; };
		EA7240C2BD49C9F0CF7CB3DF /* icon-dark.png */ = {isa = PBXFileReference; lastKnownFileType = image.png; path = "icon-dark.png"; sourceTree = "<group>"; };
		EAB0083C1A580217DEF944CA /* husk-tl-egl.h */ = {isa = PBXFileReference; lastKnownFileType = sourcecode.c.h; path = "husk-tl-egl.h"; sourceTree = "<group>"; };
		ED3F7E0267BE8F2AC09FF772 /* husk-tl-jni-ue4.c */ = {isa = PBXFileReference; lastKnownFileType = sourcecode.c.c; path = "husk-tl-jni-ue4.c"; sourceTree = "<group>"; };
		EE533073FECAD5C54B677935 /* icon-tinteddark.png */ = {isa = PBXFileReference; lastKnownFileType = image.png; path = "icon-tinteddark.png"; sourceTree = "<group>"; };
		EF6C1917FEC08090833D9CF0 /* JITPairing.swift */ = {isa = PBXFileReference; lastKnownFileType = sourcecode.swift; path = JITPairing.swift; sourceTree = "<group>"; };
		F13D91C39BBC9C52E70E1520 /* husk-tl-dexindex.h */ = {isa = PBXFileReference; lastKnownFileType = sourcecode.c.h; path = "husk-tl-dexindex.h"; sourceTree = "<group>"; };
		F337AAF2A6860FCB03810AA6 /* HuskGLView.swift */ = {isa = PBXFileReference; lastKnownFileType = sourcecode.swift; path = HuskGLView.swift; sourceTree = "<group>"; };
		F54A47159D39CB8039E9E44E /* JITCard.swift */ = {isa = PBXFileReference; lastKnownFileType = sourcecode.swift; path = JITCard.swift; sourceTree = "<group>"; };
		F7FE1E9438A6B743456806DF /* husk-tl-xmem.h */ = {isa = PBXFileReference; lastKnownFileType = sourcecode.c.h; path = "husk-tl-xmem.h"; sourceTree = "<group>"; };
		FBD3B29AEC525999260507BD /* husk-tl-opensles.c */ = {isa = PBXFileReference; lastKnownFileType = sourcecode.c.c; path = "husk-tl-opensles.c"; sourceTree = "<group>"; };
		FCBE4C5BD3BC5033100C968E /* husk-tl-gtasa.c */ = {isa = PBXFileReference; lastKnownFileType = sourcecode.c.c; path = "husk-tl-gtasa.c"; sourceTree = "<group>"; };
		FD559A37CF59C3290F29FA43 /* Info.plist */ = {isa = PBXFileReference; lastKnownFileType = text.plist; path = Info.plist; sourceTree = "<group>"; };
		FD6B5A72980D1EC374BFC326 /* husk-tl-jni-assetstream.c */ = {isa = PBXFileReference; lastKnownFileType = sourcecode.c.c; path = "husk-tl-jni-assetstream.c"; sourceTree = "<group>"; };
		FE13DC571D193621CD6149EA /* HuskGamepad.swift */ = {isa = PBXFileReference; lastKnownFileType = sourcecode.swift; path = HuskGamepad.swift; sourceTree = "<group>"; };
		FE8922E7AB75C8C61B37986A /* husk-tl-jni-loop.c */ = {isa = PBXFileReference; lastKnownFileType = sourcecode.c.c; path = "husk-tl-jni-loop.c"; sourceTree = "<group>"; };
		FF5A120A4E0B3EE166D789C4 /* husk-tl-bionic-ndk.c */ = {isa = PBXFileReference; lastKnownFileType = sourcecode.c.c; path = "husk-tl-bionic-ndk.c"; sourceTree = "<group>"; };
/* End PBXFileReference section */

/* Begin PBXFrameworksBuildPhase section */
		23F0338B4C1A9AD45F8C348B /* Frameworks */ = {
			isa = PBXFrameworksBuildPhase;
			buildActionMask = 2147483647;
			files = (
				BEDEEECE3AEB59701665C0D3 /* StikJIT.xcframework in Frameworks */,
			);
			runOnlyForDeploymentPostprocessing = 0;
		};
		81868A41ECA70F0BF20AC3EF /* Frameworks */ = {
			isa = PBXFrameworksBuildPhase;
			buildActionMask = 2147483647;
			files = (
			);
			runOnlyForDeploymentPostprocessing = 0;
		};
/* End PBXFrameworksBuildPhase section */

/* Begin PBXGroup section */
		0F8D2787A26076A289B9B8EA /* Husk */ = {
			isa = PBXGroup;
			children = (
				2C3D6F74AFBE5CD222DE0553 /* ApkMetadata.swift */,
				C1F2A4FC567A4CCC74209DD4 /* AppDetailView.swift */,
				15D08F1730303C74C1B7DE23 /* AppSource.swift */,
				D05B2EFC533719ED2E455C24 /* AppTheme.swift */,
				28D3E1CEE343707BE986FA6E /* Assets.xcassets */,
				6F40192B3EDAD27D2CBFFC2F /* BootScreen.swift */,
				E37298010F80517A3057579E /* BundleUnpacker.swift */,
				6CAD18BA88F03D63EF1F5DF2 /* ContentView.swift */,
				48DA17A30AE793049F358717 /* DiscoverTab.swift */,
				40BF573E8CED9B238E762BA6 /* FilesTab.swift */,
				CC860BD7A5AF9DC83B015219 /* fishhook.c */,
				3B9FC5A63D4CAA7FBDA016EB /* fishhook.h */,
				771B4FD56CABC214FEED6DFE /* GuestImage.swift */,
				4A0490485F9BA884A0554EAD /* GuestManifest.swift */,
				619394B1069242D8750E7F33 /* Husk.entitlements */,
				85AAFB3E92FE2AE4A2FA4DD8 /* HuskApp.swift */,
				5236C5746D2CDE06C5D438BB /* HuskAppIcon.swift */,
				14E50E2B9CCFF7B1FEF73608 /* HuskAudio.swift */,
				690B2DA647B7B75C11DDDA9F /* HuskBridge.h */,
				0168E1B352FFD7A4BC207CA5 /* HuskBridgeFS.swift */,
				6146DAE69D6D6462FB1FB771 /* HuskFilePicker.swift */,
				FE13DC571D193621CD6149EA /* HuskGamepad.swift */,
				F337AAF2A6860FCB03810AA6 /* HuskGLView.swift */,
				392BE39CE162757FDA225452 /* HuskKeyboard.swift */,
				C6541CC4432CA2CE74901320 /* HuskLog.swift */,
				4B259C39CD9CC4D2A8A3D8E8 /* HuskMetalPresenter.swift */,
				D91C1E7D6301EBCE06FEE0FE /* HuskMetalView.swift */,
				7FFF8E257AE872A53A4E3066 /* HuskRPPairing.h */,
				FD559A37CF59C3290F29FA43 /* Info.plist */,
				5664FE015975D16E7500F3C7 /* JITBootstrap.swift */,
				43C233A62FB57030C0818489 /* JITBuiltIn.swift */,
				F54A47159D39CB8039E9E44E /* JITCard.swift */,
				EF6C1917FEC08090833D9CF0 /* JITPairing.swift */,
				83275C7FEF2DEB950028D914 /* JITSetup.swift */,
				5894E74BA308222C01AEE311 /* JITSetupView.swift */,
				34EE1ED95268ED65B2AA9A5A /* LibraryTab.swift */,
				56DAE8E0DADC5483D33F6B7B /* LibraryView.swift */,
				79E4865C5FE44ADD210A4917 /* OnboardingView.swift */,
				766F6F7816E672E83CFFE47D /* PipeShim.c */,
				2E91A601F16886103BC482AB /* QemuRunner.swift */,
				AE14E4B61CC873501D7EAE6E /* SettingsTab.swift */,
				A523DB1FEA5BC026771035C7 /* Shaders.metal */,
				5EB0AF32D5E40E753DDD85DA /* Theme.swift */,
				5EBCB1A1B865B14C76096042 /* TLAppSettings.swift */,
				66DDBC0AF7BE5742AA867515 /* TLScreenView.swift */,
				211CC4F06EC722E5972D7F3B /* TLUnityView.swift */,
				4BD6ABD20471B2CACF60ABD4 /* TranslationLayer.swift */,
				0F570EB6EAB321272B32955C /* VirtualPad.swift */,
				FA84FD81F71FF2ACDEB879A5 /* Resources */,
			);
			path = Husk;
			sourceTree = "<group>";
		};
		1E59FB82FCE9A2CABD19395C = {
			isa = PBXGroup;
			children = (
				0F8D2787A26076A289B9B8EA /* Husk */,
				E70F0D237B6466A5230FBB7B /* HuskJITHelper */,
				E65049FF75BF0CD63D6E683C /* src */,
				6C404F9516669F7DB5047FBE /* Frameworks */,
				72415DD8C95D3F9A6FA194B4 /* Products */,
			);
			sourceTree = "<group>";
		};
		2CA59D806FA133C053D3B989 /* legal */ = {
			isa = PBXGroup;
			children = (
				A45038B8E06A02311695BE90 /* LICENSE-idevice-MIT.txt */,
				2E95AED70FA457D447AE0DFF /* LICENSE-StikJIT-MPL-2.0.txt */,
				D0A9148DED6969D97D56406C /* LICENSES-rppairing-crates.txt */,
			);
			path = legal;
			sourceTree = "<group>";
		};
		6C404F9516669F7DB5047FBE /* Frameworks */ = {
			isa = PBXGroup;
			children = (
				3B1406C4A7D0F7E50BCB365B /* libANGLE-shared.dylib */,
				1B29247002CE43A3B9DEC633 /* libqemu-aarch64-softmmu.dylib */,
				9713186CDCF6F1188BB4ABE1 /* MoltenVK.xcframework */,
				BBCF8D04E0CEDAB3542C5271 /* StikJIT.xcframework */,
			);
			name = Frameworks;
			sourceTree = "<group>";
		};
		72415DD8C95D3F9A6FA194B4 /* Products */ = {
			isa = PBXGroup;
			children = (
				4D3B9FB2A68373C457706DA9 /* Husk.app */,
				C48A9F257449472675C4201A /* HuskJITHelper.appex */,
			);
			name = Products;
			sourceTree = "<group>";
		};
		AD9FB620378205D606102678 /* translation-layer-next */ = {
			isa = PBXGroup;
			children = (
				3ADCEA1477DA816D867C1EBB /* husk-tl-a64.c */,
				272578DB0CBA40E69B87093D /* husk-tl-a64.h */,
				463C342B38F6BF37752F4E72 /* husk-tl-audio.c */,
				473B239012BE00391A4164ED /* husk-tl-audio.h */,
				44BAD09F39FA4184F97AB0D0 /* husk-tl-bionic-cxx.c */,
				7CC582FAC1F17C1C659C9D47 /* husk-tl-bionic-io.c */,
				FF5A120A4E0B3EE166D789C4 /* husk-tl-bionic-ndk.c */,
				7F8AFBCC1E9A402444C2D1E6 /* husk-tl-bionic-net.c */,
				C2150DD286E82127CB5B7C8B /* husk-tl-bionic-pthread.c */,
				42C4CB582E3E0D917E2DBB4C /* husk-tl-bionic-str.c */,
				E8B800E5E712B4EFFB9F5D59 /* husk-tl-bionic.c */,
				1C045A42AF1AB4965370A87F /* husk-tl-bionic.h */,
				9217F354B8587F75369229F8 /* husk-tl-cocos-text.c */,
				6B7990E89ED6098029981E38 /* husk-tl-cocos.c */,
				A33191A0A3B6B70EEAB85D43 /* husk-tl-cocos.h */,
				AA12F6AB59959C0162BB8928 /* husk-tl-dexindex.c */,
				F13D91C39BBC9C52E70E1520 /* husk-tl-dexindex.h */,
				CE99D9E12CB5823C669D9CBC /* husk-tl-egl-es31.inc */,
				6990DECA802D2C4493C28A4A /* husk-tl-egl.c */,
				EAB0083C1A580217DEF944CA /* husk-tl-egl.h */,
				CFAB9C41A483CA08C1037AAC /* husk-tl-gameactivity.c */,
				0C8178C469873F2DA90BB728 /* husk-tl-gameactivity.h */,
				46287061DCF461334B1A8D2E /* husk-tl-gamepad.c */,
				CC60CF82D64B2CBA61196F88 /* husk-tl-gamepad.h */,
				FCBE4C5BD3BC5033100C968E /* husk-tl-gtasa.c */,
				7B5E2D3E9F12A2A3BB5BBDC7 /* husk-tl-gtasa.h */,
				97E83F7EE31FE180D0FA3105 /* husk-tl-http.h */,
				4B24977AD9B892864CD39481 /* husk-tl-http.m */,
				FD6B5A72980D1EC374BFC326 /* husk-tl-jni-assetstream.c */,
				B76CE6F39722749AA0027959 /* husk-tl-jni-cocos.c */,
				C575FDA8867C3A75AB2392E3 /* husk-tl-jni-fmod.c */,
				54E1C79EFAAEBBC6992A36A6 /* husk-tl-jni-hle.c */,
				411E4F9A6C6D4F737E8611B9 /* husk-tl-jni-http.c */,
				28152D0874B73915225FE8EA /* husk-tl-jni-input.c */,
				FE8922E7AB75C8C61B37986A /* husk-tl-jni-loop.c */,
				3ACE2921134A2C3A3DC93272 /* husk-tl-jni-minecraft.c */,
				85D8F83C8952092997CE071C /* husk-tl-jni-security.c */,
				1A03EC803ECECBFCA11026AF /* husk-tl-jni-tls.c */,
				ED3F7E0267BE8F2AC09FF772 /* husk-tl-jni-ue4.c */,
				A22242B8E3E7067D6EB2AB95 /* husk-tl-jni.c */,
				25E6473CC71D3627AB9709D1 /* husk-tl-jni.h */,
				4D54C1E4F20A020AC62C9419 /* husk-tl-ld.c */,
				02BDBFFD3329C33172416AEB /* husk-tl-ld.h */,
				3B72237F810FCE0EE433FA3D /* husk-tl-nativeactivity.c */,
				B318C3E235A47EA295C46433 /* husk-tl-nativeactivity.h */,
				FBD3B29AEC525999260507BD /* husk-tl-opensles.c */,
				2284FD76BFBDA116B1181F5F /* husk-tl-sdl-apps.c */,
				C48A155D03D70E7DC8411ED5 /* husk-tl-sdl.c */,
				9DA435135C98A8EFBDEAF79A /* husk-tl-sdl.h */,
				BCA22CD85A237E860D437698 /* husk-tl-unity-app.c */,
				2C2AAB4C0C1CD9F4CC69E4E8 /* husk-tl-unity.c */,
				E29734A13FFD848BA212FAED /* husk-tl-unity.h */,
				23EF05EC9B3D8A0E6E8FC720 /* husk-tl-va.c */,
				9545A76356E04E05C3174FA8 /* husk-tl-va.h */,
				D6F6414E03E6D7DC976A7E4D /* husk-tl-vulkan.h */,
				42A3D0C796971935D477F89B /* husk-tl-vulkan.m */,
				42CBC0D7ACAB400BDDFD7F9E /* husk-tl-xmem.c */,
				F7FE1E9438A6B743456806DF /* husk-tl-xmem.h */,
			);
			path = "translation-layer-next";
			sourceTree = "<group>";
		};
		CD11700D60C5B07437773BF3 /* translation-layer */ = {
			isa = PBXGroup;
			children = (
				CB3F6E9B90C81C37AAABE363 /* husk-tl-blit.c */,
				359A1AAA11C7A67E7C817076 /* husk-tl-blit.h */,
				7FE5D3DD79B5BEA14506FF60 /* husk-tl-dex.c */,
				6D7C478354C0F283365422FD /* husk-tl-dex.h */,
				D08FCD7F480D6E2F65F26636 /* husk-tl-elf.c */,
				D50A30F186B58956276C9B24 /* husk-tl-framework.c */,
				100DF87CB49D35A4DA089C94 /* husk-tl-framework.h */,
				7104A621330A81BD69495520 /* husk-tl-internal.h */,
				242DD6EEB7DA97455CD76826 /* husk-tl-json.c */,
				5BE31DC5ACA28C0133F828FA /* husk-tl-load.c */,
				86A6E743652A606829BC044B /* husk-tl-prefs.c */,
				E7F3F73724FABE806D994905 /* husk-tl-prefs.h */,
				E4D1C81CB49D39A7D865A0DA /* husk-tl-probe.c */,
				7FD8DC66414547110F0E0B0E /* husk-tl-res.c */,
				505B834A46F5AA7C2BBE8526 /* husk-tl-res.h */,
				4385A14B11CBA1C3502D433D /* husk-tl-scan.c */,
				08B65F9A6BAA4E2376A0CBD8 /* husk-tl-shim.c */,
				9E133BDBB6CB711003066815 /* husk-tl-zip.c */,
				A81352103CC22A0719104C2C /* husk-tl.h */,
			);
			path = "translation-layer";
			sourceTree = "<group>";
		};
		E65049FF75BF0CD63D6E683C /* src */ = {
			isa = PBXGroup;
			children = (
				CD11700D60C5B07437773BF3 /* translation-layer */,
				AD9FB620378205D606102678 /* translation-layer-next */,
			);
			name = src;
			path = ..;
			sourceTree = "<group>";
		};
		E70F0D237B6466A5230FBB7B /* HuskJITHelper */ = {
			isa = PBXGroup;
			children = (
				1C1FC868194AB42F653D94F9 /* HuskJITHelper.swift */,
				198FA3419B26F852A2B05ED9 /* HuskJITMessages.swift */,
				3517ADBC96090BF2A656BD8B /* Info.plist */,
			);
			path = HuskJITHelper;
			sourceTree = "<group>";
		};
		FA84FD81F71FF2ACDEB879A5 /* Resources */ = {
			isa = PBXGroup;
			children = (
				BE31FE0E8BF0D132E6298CE9 /* cacert.pem */,
				B74F9AA42414905593B347BA /* husk-jit.js */,
				E3A701AA76E485A6CE15F106 /* icon-cleardark.png */,
				2A9382EA9FFB54E6B2BB52A3 /* icon-clearlight.png */,
				EA7240C2BD49C9F0CF7CB3DF /* icon-dark.png */,
				555112D0E3895EBE37A68FEB /* icon-default.png */,
				EE533073FECAD5C54B677935 /* icon-tinteddark.png */,
				336AB2FDC58A5C08D55FF8F9 /* icon-tintedlight.png */,
				2CA59D806FA133C053D3B989 /* legal */,
			);
			path = Resources;
			sourceTree = "<group>";
		};
/* End PBXGroup section */

/* Begin PBXNativeTarget section */
		6C8C570E68C18D427777A06E /* HuskJITHelper */ = {
			isa = PBXNativeTarget;
			buildConfigurationList = EAE14B964398F5D21053AC59 /* Build configuration list for PBXNativeTarget "HuskJITHelper" */;
			buildPhases = (
				6EF7ED4658C7B5F891B70541 /* Sources */,
				23F0338B4C1A9AD45F8C348B /* Frameworks */,
			);
			buildRules = (
			);
			dependencies = (
			);
			name = HuskJITHelper;
			packageProductDependencies = (
			);
			productName = HuskJITHelper;
			productReference = C48A9F257449472675C4201A /* HuskJITHelper.appex */;
			productType = "com.apple.product-type.app-extension";
		};
		725A795AE76B023A1B291246 /* Husk */ = {
			isa = PBXNativeTarget;
			buildConfigurationList = 277CE785474AB631DA9DA87C /* Build configuration list for PBXNativeTarget "Husk" */;
			buildPhases = (
				5A0E300C59B0E0810122711E /* Stage guest image */,
				7DFCC5382FEB416913A42FFC /* Sources */,
				38EFBD1C571AB7D069663D9B /* Resources */,
				81868A41ECA70F0BF20AC3EF /* Frameworks */,
				669F9F78828E3A31EB56311E /* Embed Foundation Extensions */,
				519A6523ED45941660EDDD39 /* Embed Frameworks */,
				5C79258825AC47DF0D7016EC /* Embed StikJIT */,
			);
			buildRules = (
			);
			dependencies = (
				3FD0EC7001B35B16B6621EC1 /* PBXTargetDependency */,
			);
			name = Husk;
			packageProductDependencies = (
			);
			productName = Husk;
			productReference = 4D3B9FB2A68373C457706DA9 /* Husk.app */;
			productType = "com.apple.product-type.application";
		};
/* End PBXNativeTarget section */

/* Begin PBXProject section */
		0B9EDB508C7FA3D273DBF5DC /* Project object */ = {
			isa = PBXProject;
			attributes = {
				BuildIndependentTargetsInParallel = YES;
				LastUpgradeCheck = 1430;
				TargetAttributes = {
					6C8C570E68C18D427777A06E = {
						ProvisioningStyle = Automatic;
					};
					725A795AE76B023A1B291246 = {
						ProvisioningStyle = Automatic;
					};
				};
			};
			buildConfigurationList = 184E6EA7BF1031F1EE9611FC /* Build configuration list for PBXProject "Husk" */;
			developmentRegion = en;
			hasScannedForEncodings = 0;
			knownRegions = (
				Base,
				en,
			);
			mainGroup = 1E59FB82FCE9A2CABD19395C;
			minimizedProjectReferenceProxies = 1;
			preferredProjectObjectVersion = 77;
			productRefGroup = 72415DD8C95D3F9A6FA194B4 /* Products */;
			projectDirPath = "";
			projectRoot = "";
			targets = (
				725A795AE76B023A1B291246 /* Husk */,
				6C8C570E68C18D427777A06E /* HuskJITHelper */,
			);
		};
/* End PBXProject section */

/* Begin PBXResourcesBuildPhase section */
		38EFBD1C571AB7D069663D9B /* Resources */ = {
			isa = PBXResourcesBuildPhase;
			buildActionMask = 2147483647;
			files = (
				38A9F59D462DE5A28D3F579D /* Assets.xcassets in Resources */,
				FA8097D8E118A8CE8DBCF763 /* LICENSE-StikJIT-MPL-2.0.txt in Resources */,
				DD78A64F53CD2C615EB004B3 /* LICENSE-idevice-MIT.txt in Resources */,
				1D576C7E088182B888F811BB /* LICENSES-rppairing-crates.txt in Resources */,
				50A3A90912B5C9D90B87D9BF /* cacert.pem in Resources */,
				E2C01F517E73992A29E22EC2 /* husk-jit.js in Resources */,
				7A7A40B3B76C8BA2D7262907 /* husk-tl-egl-es31.inc in Resources */,
				61B170D2F117D85F651CD6E6 /* icon-cleardark.png in Resources */,
				02324735942750D6BB676FFA /* icon-clearlight.png in Resources */,
				60DF5AC57C0225BEE8C9FB3A /* icon-dark.png in Resources */,
				EDD9BF5E120ED2453CB023FA /* icon-default.png in Resources */,
				03C7BA933706E9F45DD7A8EE /* icon-tinteddark.png in Resources */,
				B7335D9F68CE6EAF0E3D9825 /* icon-tintedlight.png in Resources */,
			);
			runOnlyForDeploymentPostprocessing = 0;
		};
/* End PBXResourcesBuildPhase section */

/* Begin PBXShellScriptBuildPhase section */
		5A0E300C59B0E0810122711E /* Stage guest image */ = {
			isa = PBXShellScriptBuildPhase;
			buildActionMask = 2147483647;
			files = (
			);
			inputFileListPaths = (
			);
			inputPaths = (
			);
			name = "Stage guest image";
			outputFileListPaths = (
			);
			outputPaths = (
				"$(BUILT_PRODUCTS_DIR)/$(UNLOCALIZED_RESOURCES_FOLDER_PATH)/vmlinuz-virt",
				"$(BUILT_PRODUCTS_DIR)/$(UNLOCALIZED_RESOURCES_FOLDER_PATH)/initramfs-virt",
				"$(BUILT_PRODUCTS_DIR)/$(UNLOCALIZED_RESOURCES_FOLDER_PATH)/edk2-aarch64-code.fd",
				"$(BUILT_PRODUCTS_DIR)/$(UNLOCALIZED_RESOURCES_FOLDER_PATH)/lineage-efi-vars-seed.fd",
				"$(BUILT_PRODUCTS_DIR)/$(UNLOCALIZED_RESOURCES_FOLDER_PATH)/lineage-vdb-seed.qcow2",
			);
			runOnlyForDeploymentPostprocessing = 0;
			shellPath = /bin/sh;
			shellScript = "set -e\nGUEST=\"$SRCROOT/../../guests/phase0\"\nif [ ! -f \"$GUEST/vmlinuz-virt\" ]; then\n  echo \"error: guest missing. Run ./scripts/fetch_phase0_guest.sh\" >&2\n  exit 1\nfi\nmkdir -p \"$BUILT_PRODUCTS_DIR/$UNLOCALIZED_RESOURCES_FOLDER_PATH\"\ncp \"$GUEST/vmlinuz-virt\" \"$GUEST/initramfs-virt\" \\\n   \"$BUILT_PRODUCTS_DIR/$UNLOCALIZED_RESOURCES_FOLDER_PATH/\"\n\n# QEMU loads option ROMs by name from its data directory (-L). The full\n# pc-bios tree is 24 MB and almost entirely firmware for architectures\n# we will never boot (sparc64, riscv, loongarch, x86, ppc), so ship only\n# the network boot ROMs -- 1.6 MB, and the only ones -M virt asks for.\nBIOS=\"$SRCROOT/../../third_party/build/qemu-10.0.12-utm/pc-bios\"\nDEST=\"$BUILT_PRODUCTS_DIR/$UNLOCALIZED_RESOURCES_FOLDER_PATH/pc-bios\"\nmkdir -p \"$DEST\"\ncp \"$BIOS\"/efi-*.rom \"$BIOS\"/pxe-*.rom \"$DEST/\" 2>/dev/null || true\n\n# UEFI firmware for the Phase 1 guest: Debian's cloud image boots through\n# GRUB under UEFI, so this is required. It is 64 MiB but almost all zeros,\n# so the IPA's own zip squeezes it to about a megabyte -- cheaper than\n# carrying a decompressor to unpack it at runtime.\nFW=\"$BUILT_PRODUCTS_DIR/$UNLOCALIZED_RESOURCES_FOLDER_PATH/edk2-aarch64-code.fd\"\nif [ ! -f \"$FW\" ]; then\n  bunzip2 -c \"$BIOS/edk2-aarch64-code.fd.bz2\" > \"$FW\"\nfi\n\n# These two qcow2 files are tiny sparse seeds (64 MiB and 16 GiB\n# virtual). The app copies them into Documents on first launch; the\n# pre-booted snapshot later replaces the userdata seed in place.\nQEMU_IMG=\"$(command -v qemu-img || true)\"\nif [ -z \"$QEMU_IMG\" ]; then\n  echo \"error: qemu-img is required to generate the firmware and userdata seeds\" >&2\n  exit 1\nfi\nVARS_SEED=\"$BUILT_PRODUCTS_DIR/$UNLOCALIZED_RESOURCES_FOLDER_PATH/lineage-efi-vars-seed.fd\"\nVDB_SEED=\"$BUILT_PRODUCTS_DIR/$UNLOCALIZED_RESOURCES_FOLDER_PATH/lineage-vdb-seed.qcow2\"\nrm -f \"$VARS_SEED\" \"$VDB_SEED\"\n\"$QEMU_IMG\" create -f qcow2 \"$VARS_SEED\" 64M\n\"$QEMU_IMG\" create -f qcow2 \"$VDB_SEED\" 16G\n";
		};
		5C79258825AC47DF0D7016EC /* Embed StikJIT */ = {
			isa = PBXShellScriptBuildPhase;
			alwaysOutOfDate = 1;
			buildActionMask = 2147483647;
			files = (
			);
			inputFileListPaths = (
			);
			inputPaths = (
			);
			name = "Embed StikJIT";
			outputFileListPaths = (
			);
			outputPaths = (
			);
			runOnlyForDeploymentPostprocessing = 0;
			shellPath = /bin/sh;
			shellScript = "set -e\nSRC=\"$SRCROOT/Frameworks/StikJIT.xcframework/ios-arm64/StikJIT.framework\"\nDST=\"$TARGET_BUILD_DIR/$FRAMEWORKS_FOLDER_PATH/StikJIT.framework\"\nrm -rf \"$DST\"\nmkdir -p \"$(dirname \"$DST\")\"\nditto \"$SRC\" \"$DST\"\nrm -rf \"$DST/Headers\" \"$DST/Modules\"\nPLIST=\"$DST/Info.plist\"\nif [ ! -f \"$PLIST\" ]; then\n  plutil -create xml1 \"$PLIST\"\n  plutil -insert CFBundleIdentifier -string \"$PRODUCT_BUNDLE_IDENTIFIER.StikJIT\" \"$PLIST\"\n  plutil -insert CFBundleExecutable -string StikJIT \"$PLIST\"\n  plutil -insert CFBundleName -string StikJIT \"$PLIST\"\n  plutil -insert CFBundlePackageType -string FMWK \"$PLIST\"\n  plutil -insert CFBundleInfoDictionaryVersion -string 6.0 \"$PLIST\"\n  plutil -insert CFBundleShortVersionString -string 1.9.0 \"$PLIST\"\n  plutil -insert CFBundleVersion -string 1.9.0 \"$PLIST\"\n  plutil -insert MinimumOSVersion -string 17.4 \"$PLIST\"\n  plutil -insert CFBundleSupportedPlatforms -array \"$PLIST\"\n  plutil -insert CFBundleSupportedPlatforms.0 -string iPhoneOS \"$PLIST\"\nfi\nif [ -n \"$EXPANDED_CODE_SIGN_IDENTITY\" ] && [ \"$CODE_SIGNING_ALLOWED\" != \"NO\" ]; then\n  codesign --force --sign \"$EXPANDED_CODE_SIGN_IDENTITY\" --timestamp=none \"$DST\"\nfi\n";
		};
/* End PBXShellScriptBuildPhase section */

/* Begin PBXSourcesBuildPhase section */
		6EF7ED4658C7B5F891B70541 /* Sources */ = {
			isa = PBXSourcesBuildPhase;
			buildActionMask = 2147483647;
			files = (
				E8E067635E072083A772DADE /* HuskJITHelper.swift in Sources */,
				4B9909AA3D98168EA99BF2D1 /* HuskJITMessages.swift in Sources */,
			);
			runOnlyForDeploymentPostprocessing = 0;
		};
		7DFCC5382FEB416913A42FFC /* Sources */ = {
			isa = PBXSourcesBuildPhase;
			buildActionMask = 2147483647;
			files = (
				D354FA5AC96B3361B4A5A635 /* ApkMetadata.swift in Sources */,
				5C20168883D258DF9715F6D9 /* AppDetailView.swift in Sources */,
				8C743346878007F8D22CEA0A /* AppSource.swift in Sources */,
				F6B3DA43CA16FAF920EF236D /* AppTheme.swift in Sources */,
				853E83FF7FF5B9A7FDE5E638 /* BootScreen.swift in Sources */,
				7FA5D73DC2780CACC7399534 /* BundleUnpacker.swift in Sources */,
				4E1329C07A116B3BE1FDFA7A /* ContentView.swift in Sources */,
				EBDBC46EF4E65E1DA2342F6B /* DiscoverTab.swift in Sources */,
				48E699E0016694F530355275 /* FilesTab.swift in Sources */,
				79606C9B3D5AF0CEADE3482D /* GuestImage.swift in Sources */,
				29B4497EDC1E890D82BDF969 /* GuestManifest.swift in Sources */,
				581DC803F723FFB10DDA759F /* HuskApp.swift in Sources */,
				161096C4354197AC83569ECB /* HuskAppIcon.swift in Sources */,
				BBA9636793435EF7679E62F1 /* HuskAudio.swift in Sources */,
				340ADF13F9F0E48A5A443600 /* HuskBridgeFS.swift in Sources */,
				0CFC78E800ABA22AA65D873D /* HuskFilePicker.swift in Sources */,
				8E10E866080B28D4D397970A /* HuskGLView.swift in Sources */,
				FC2A6DCF8BB4C5E874D4F4D3 /* HuskGamepad.swift in Sources */,
				8B5DED1C7C866D7140418522 /* HuskJITMessages.swift in Sources */,
				81557CC939994CE6350E1C81 /* HuskKeyboard.swift in Sources */,
				090A2A3F43CE69EA3C079EB0 /* HuskLog.swift in Sources */,
				59514CBA483F71A738A3B444 /* HuskMetalPresenter.swift in Sources */,
				F6880CA30640F688356229CF /* HuskMetalView.swift in Sources */,
				507309F42DC8965C816DC580 /* JITBootstrap.swift in Sources */,
				C1A4C57DAA6BFD79AAE5FD88 /* JITBuiltIn.swift in Sources */,
				FA5016C04E0EFC5FD0CF32F9 /* JITCard.swift in Sources */,
				E7095C2C706335203227319A /* JITPairing.swift in Sources */,
				70AF7E999105691EB51B54FD /* JITSetup.swift in Sources */,
				D61EF536158A8495F2B0CE79 /* JITSetupView.swift in Sources */,
				D5795B7B2815D857E136AC85 /* LibraryTab.swift in Sources */,
				CE5D4B4D666CC7B351345EB3 /* LibraryView.swift in Sources */,
				D1DB4D94478AB7DD95E1A24E /* OnboardingView.swift in Sources */,
				F1E2ED25F28A24BA7197C5DB /* PipeShim.c in Sources */,
				5E4B0292717DAE8B0CAA99E4 /* QemuRunner.swift in Sources */,
				211C2D134F11C23EE4485A2E /* SettingsTab.swift in Sources */,
				1624D7BE5D25504F10E6D705 /* Shaders.metal in Sources */,
				EBC8548011E6708CF09F8386 /* TLAppSettings.swift in Sources */,
				945DD86A7A210B74B2C7FF17 /* TLScreenView.swift in Sources */,
				0BB57A13C0D48446CB4FBCD5 /* TLUnityView.swift in Sources */,
				3743DAF4A88A08B2946A4066 /* Theme.swift in Sources */,
				1A97D1F8D5FAFEB3145D4AE5 /* TranslationLayer.swift in Sources */,
				D6E9F96BE6AF7C985488D030 /* VirtualPad.swift in Sources */,
				7EF41C59B3AF51A4E96F20E0 /* fishhook.c in Sources */,
				AC5C07974C7A8658358A55C9 /* husk-tl-a64.c in Sources */,
				80C126C7BDB5EE56A7139C20 /* husk-tl-audio.c in Sources */,
				2382523F24A95C0E58189C78 /* husk-tl-bionic-cxx.c in Sources */,
				BA42565FACC0AAC10D8FEAF6 /* husk-tl-bionic-io.c in Sources */,
				E165A4CCFD518F67D08A4696 /* husk-tl-bionic-ndk.c in Sources */,
				3519D130E3ACECEB2A25D174 /* husk-tl-bionic-net.c in Sources */,
				6A8A2290222C62C81EBF2E3E /* husk-tl-bionic-pthread.c in Sources */,
				CEA21B89D80905F908AEF47D /* husk-tl-bionic-str.c in Sources */,
				5231634DF5866145DDE3A298 /* husk-tl-bionic.c in Sources */,
				2A70738EC7BE5ABEA7509E8B /* husk-tl-blit.c in Sources */,
				E1F5B2BE674BB476433BFCEF /* husk-tl-cocos-text.c in Sources */,
				E6975EAFAE86144999E8B267 /* husk-tl-cocos.c in Sources */,
				395C2F3AADC9F0FDE2188950 /* husk-tl-dex.c in Sources */,
				AAF3739690794B605F5D7CAE /* husk-tl-dexindex.c in Sources */,
				13E70642DCB1EB118EB6B9CF /* husk-tl-egl.c in Sources */,
				9883B80CE2F3C84E5D6E0A8F /* husk-tl-elf.c in Sources */,
				80F03D2EAABE3BFEA4A2785B /* husk-tl-framework.c in Sources */,
				12F633F698047D7DED62A51D /* husk-tl-gameactivity.c in Sources */,
				B9D7168A505DD009DE222599 /* husk-tl-gamepad.c in Sources */,
				BF3B75F24D911729EFB2E8A6 /* husk-tl-gtasa.c in Sources */,
				5926C1BBD1419AFBBFA2D1D6 /* husk-tl-http.m in Sources */,
				9E3948EF967C2A0773C521DD /* husk-tl-jni-assetstream.c in Sources */,
				240D4917EC7FC510B753EB4E /* husk-tl-jni-cocos.c in Sources */,
				50F7B80FBADEAF705EC960F8 /* husk-tl-jni-fmod.c in Sources */,
				818D7D89195D77AA70E27DCF /* husk-tl-jni-hle.c in Sources */,
				EA48FA05D5B2D1C216C8D67E /* husk-tl-jni-http.c in Sources */,
				FC8F2E79EF7CDBC99D95F4F6 /* husk-tl-jni-input.c in Sources */,
				B4CE75407A317521C77A2207 /* husk-tl-jni-loop.c in Sources */,
				001416DA738AA665BBDEBF59 /* husk-tl-jni-minecraft.c in Sources */,
				9FA806201E1AF87FE7581742 /* husk-tl-jni-security.c in Sources */,
				80D3E838D7A84B6F82A5BA68 /* husk-tl-jni-tls.c in Sources */,
				B5C5BB7A0CFE28C032188D75 /* husk-tl-jni-ue4.c in Sources */,
				202973AEE5786B84A31A57A5 /* husk-tl-jni.c in Sources */,
				0FA2BBF68B30B5630789922B /* husk-tl-json.c in Sources */,
				F4833815482790E167401965 /* husk-tl-ld.c in Sources */,
				2472A0B862A3BC5106DBAEBC /* husk-tl-load.c in Sources */,
				305642B7B63D6DC85E36D091 /* husk-tl-nativeactivity.c in Sources */,
				58F5A9CE8DC62C27EC01AD68 /* husk-tl-opensles.c in Sources */,
				FCC98727BBE825F227BA85DC /* husk-tl-prefs.c in Sources */,
				622DA3EB6E956A9ED06CF55C /* husk-tl-probe.c in Sources */,
				308AC941024A28652B15B3F4 /* husk-tl-res.c in Sources */,
				057DC4AF3D4EBA982E4C3FF8 /* husk-tl-scan.c in Sources */,
				D0C1B402D90EE4224DB8422E /* husk-tl-sdl-apps.c in Sources */,
				0EC1E9FBD9A5014FB1AA9334 /* husk-tl-sdl.c in Sources */,
				BC3BB676A454632D3686E110 /* husk-tl-shim.c in Sources */,
				08FD8CEA2066A8C013B2DF8B /* husk-tl-unity-app.c in Sources */,
				EBA260CEB1E1AD0D117CE0D5 /* husk-tl-unity.c in Sources */,
				70AAC964808B173B7E8E395B /* husk-tl-va.c in Sources */,
				3FFF24EF3C18B086F2D0B97C /* husk-tl-vulkan.m in Sources */,
				8586F8338A93D7526FAEAD97 /* husk-tl-xmem.c in Sources */,
				C561B0A164BC213A2A56D9C9 /* husk-tl-zip.c in Sources */,
			);
			runOnlyForDeploymentPostprocessing = 0;
		};
/* End PBXSourcesBuildPhase section */

/* Begin PBXTargetDependency section */
		3FD0EC7001B35B16B6621EC1 /* PBXTargetDependency */ = {
			isa = PBXTargetDependency;
			target = 6C8C570E68C18D427777A06E /* HuskJITHelper */;
			targetProxy = 8D133EAAD0D665A5339C673B /* PBXContainerItemProxy */;
		};
/* End PBXTargetDependency section */

/* Begin XCBuildConfiguration section */
		1954F0CFDD99CE9750546785 /* Release */ = {
			isa = XCBuildConfiguration;
			buildSettings = {
				APPLICATION_EXTENSION_API_ONLY = YES;
				CODE_SIGN_STYLE = Automatic;
				FRAMEWORK_SEARCH_PATHS = (
					"$(inherited)",
					"\"Frameworks\"",
				);
				GENERATE_INFOPLIST_FILE = NO;
				INFOPLIST_FILE = HuskJITHelper/Info.plist;
				IPHONEOS_DEPLOYMENT_TARGET = 26.0;
				LD_RUNPATH_SEARCH_PATHS = (
					"$(inherited)",
					"@executable_path/../../Frameworks",
				);
				PRODUCT_BUNDLE_IDENTIFIER = "$(HUSK_BUNDLE_IDENTIFIER).JITHelper";
				SDKROOT = iphoneos;
				TARGETED_DEVICE_FAMILY = 1;
			};
			name = Release;
		};
		5F45FC5FDE6614EBCB307AFD /* Debug */ = {
			isa = XCBuildConfiguration;
			buildSettings = {
				ASSETCATALOG_COMPILER_ALTERNATE_APPICON_NAMES = "AppIconClearLight AppIconClearDark AppIconTintedLight AppIconTintedDark";
				ASSETCATALOG_COMPILER_APPICON_NAME = AppIcon;
				ASSETCATALOG_COMPILER_INCLUDE_ALL_APPICON_ASSETS = YES;
				CODE_SIGN_ENTITLEMENTS = "$(HUSK_ENTITLEMENTS)";
				CODE_SIGN_IDENTITY = "iPhone Developer";
				CODE_SIGN_STYLE = Automatic;
				FRAMEWORK_SEARCH_PATHS = (
					"$(inherited)",
					"\"../../build/ios-arm64/lib\"",
					"\"../../build/ios-arm64/sysroot/lib\"",
				);
				INFOPLIST_FILE = Husk/Info.plist;
				LD_RUNPATH_SEARCH_PATHS = (
					"$(inherited)",
					"@executable_path/Frameworks",
				);
				LIBRARY_SEARCH_PATHS = (
					"$(inherited)",
					"$(SRCROOT)/../../build/ios-arm64/lib",
				);
				OTHER_LDFLAGS = (
					"$(inherited)",
					"-lz",
					"-framework",
					AudioToolbox,
					"-framework",
					CoreText,
					"-framework",
					CoreGraphics,
					"-framework",
					Security,
					"-lhusk_rppairing",
				);
				PRODUCT_BUNDLE_IDENTIFIER = "$(HUSK_BUNDLE_IDENTIFIER)";
				SDKROOT = iphoneos;
				SWIFT_OBJC_BRIDGING_HEADER = Husk/HuskBridge.h;
				TARGETED_DEVICE_FAMILY = 1;
			};
			name = Debug;
		};
		A4ED241CB14F87417258BD9B /* Release */ = {
			isa = XCBuildConfiguration;
			buildSettings = {
				ASSETCATALOG_COMPILER_ALTERNATE_APPICON_NAMES = "AppIconClearLight AppIconClearDark AppIconTintedLight AppIconTintedDark";
				ASSETCATALOG_COMPILER_APPICON_NAME = AppIcon;
				ASSETCATALOG_COMPILER_INCLUDE_ALL_APPICON_ASSETS = YES;
				CODE_SIGN_ENTITLEMENTS = "$(HUSK_ENTITLEMENTS)";
				CODE_SIGN_IDENTITY = "iPhone Developer";
				CODE_SIGN_STYLE = Automatic;
				FRAMEWORK_SEARCH_PATHS = (
					"$(inherited)",
					"\"../../build/ios-arm64/lib\"",
					"\"../../build/ios-arm64/sysroot/lib\"",
				);
				INFOPLIST_FILE = Husk/Info.plist;
				LD_RUNPATH_SEARCH_PATHS = (
					"$(inherited)",
					"@executable_path/Frameworks",
				);
				LIBRARY_SEARCH_PATHS = (
					"$(inherited)",
					"$(SRCROOT)/../../build/ios-arm64/lib",
				);
				OTHER_LDFLAGS = (
					"$(inherited)",
					"-lz",
					"-framework",
					AudioToolbox,
					"-framework",
					CoreText,
					"-framework",
					CoreGraphics,
					"-framework",
					Security,
					"-lhusk_rppairing",
				);
				PRODUCT_BUNDLE_IDENTIFIER = "$(HUSK_BUNDLE_IDENTIFIER)";
				SDKROOT = iphoneos;
				SWIFT_OBJC_BRIDGING_HEADER = Husk/HuskBridge.h;
				TARGETED_DEVICE_FAMILY = 1;
			};
			name = Release;
		};
		A6BEFEEA41912FF5238A40A7 /* Release */ = {
			isa = XCBuildConfiguration;
			buildSettings = {
				ALWAYS_SEARCH_USER_PATHS = NO;
				ARCHS = arm64;
				CLANG_ANALYZER_NONNULL = YES;
				CLANG_ANALYZER_NUMBER_OBJECT_CONVERSION = YES_AGGRESSIVE;
				CLANG_CXX_LANGUAGE_STANDARD = "gnu++14";
				CLANG_CXX_LIBRARY = "libc++";
				CLANG_ENABLE_MODULES = YES;
				CLANG_ENABLE_OBJC_ARC = YES;
				CLANG_ENABLE_OBJC_WEAK = YES;
				CLANG_WARN_BLOCK_CAPTURE_AUTORELEASING = YES;
				CLANG_WARN_BOOL_CONVERSION = YES;
				CLANG_WARN_COMMA = YES;
				CLANG_WARN_CONSTANT_CONVERSION = YES;
				CLANG_WARN_DEPRECATED_OBJC_IMPLEMENTATIONS = YES;
				CLANG_WARN_DIRECT_OBJC_ISA_USAGE = YES_ERROR;
				CLANG_WARN_DOCUMENTATION_COMMENTS = YES;
				CLANG_WARN_EMPTY_BODY = YES;
				CLANG_WARN_ENUM_CONVERSION = YES;
				CLANG_WARN_INFINITE_RECURSION = YES;
				CLANG_WARN_INT_CONVERSION = YES;
				CLANG_WARN_NON_LITERAL_NULL_CONVERSION = YES;
				CLANG_WARN_OBJC_IMPLICIT_RETAIN_SELF = YES;
				CLANG_WARN_OBJC_LITERAL_CONVERSION = YES;
				CLANG_WARN_OBJC_ROOT_CLASS = YES_ERROR;
				CLANG_WARN_QUOTED_INCLUDE_IN_FRAMEWORK_HEADER = YES;
				CLANG_WARN_RANGE_LOOP_ANALYSIS = YES;
				CLANG_WARN_STRICT_PROTOTYPES = YES;
				CLANG_WARN_SUSPICIOUS_MOVE = YES;
				CLANG_WARN_UNGUARDED_AVAILABILITY = YES_AGGRESSIVE;
				CLANG_WARN_UNREACHABLE_CODE = YES;
				CLANG_WARN__DUPLICATE_METHOD_MATCH = YES;
				COPY_PHASE_STRIP = NO;
				DEBUG_INFORMATION_FORMAT = "dwarf-with-dsym";
				ENABLE_BITCODE = NO;
				ENABLE_NS_ASSERTIONS = NO;
				ENABLE_STRICT_OBJC_MSGSEND = YES;
				GCC_C_LANGUAGE_STANDARD = gnu11;
				GCC_NO_COMMON_BLOCKS = YES;
				GCC_WARN_64_TO_32_BIT_CONVERSION = YES;
				GCC_WARN_ABOUT_RETURN_TYPE = YES_ERROR;
				GCC_WARN_UNDECLARED_SELECTOR = YES;
				GCC_WARN_UNINITIALIZED_AUTOS = YES_AGGRESSIVE;
				GCC_WARN_UNUSED_FUNCTION = YES;
				GCC_WARN_UNUSED_VARIABLE = YES;
				HUSK_BUNDLE_IDENTIFIER = com.husk.app;
				HUSK_ENTITLEMENTS = Husk/Husk.entitlements;
				IPHONEOS_DEPLOYMENT_TARGET = 16.4;
				MTL_ENABLE_DEBUG_INFO = NO;
				MTL_FAST_MATH = YES;
				ONLY_ACTIVE_ARCH = YES;
				PRODUCT_NAME = "$(TARGET_NAME)";
				SDKROOT = iphoneos;
				SWIFT_COMPILATION_MODE = wholemodule;
				SWIFT_OPTIMIZATION_LEVEL = "-O";
				SWIFT_VERSION = 5.0;
			};
			name = Release;
		};
		AA18E9E2D7E74D46471162B2 /* Debug */ = {
			isa = XCBuildConfiguration;
			buildSettings = {
				ALWAYS_SEARCH_USER_PATHS = NO;
				ARCHS = arm64;
				CLANG_ANALYZER_NONNULL = YES;
				CLANG_ANALYZER_NUMBER_OBJECT_CONVERSION = YES_AGGRESSIVE;
				CLANG_CXX_LANGUAGE_STANDARD = "gnu++14";
				CLANG_CXX_LIBRARY = "libc++";
				CLANG_ENABLE_MODULES = YES;
				CLANG_ENABLE_OBJC_ARC = YES;
				CLANG_ENABLE_OBJC_WEAK = YES;
				CLANG_WARN_BLOCK_CAPTURE_AUTORELEASING = YES;
				CLANG_WARN_BOOL_CONVERSION = YES;
				CLANG_WARN_COMMA = YES;
				CLANG_WARN_CONSTANT_CONVERSION = YES;
				CLANG_WARN_DEPRECATED_OBJC_IMPLEMENTATIONS = YES;
				CLANG_WARN_DIRECT_OBJC_ISA_USAGE = YES_ERROR;
				CLANG_WARN_DOCUMENTATION_COMMENTS = YES;
				CLANG_WARN_EMPTY_BODY = YES;
				CLANG_WARN_ENUM_CONVERSION = YES;
				CLANG_WARN_INFINITE_RECURSION = YES;
				CLANG_WARN_INT_CONVERSION = YES;
				CLANG_WARN_NON_LITERAL_NULL_CONVERSION = YES;
				CLANG_WARN_OBJC_IMPLICIT_RETAIN_SELF = YES;
				CLANG_WARN_OBJC_LITERAL_CONVERSION = YES;
				CLANG_WARN_OBJC_ROOT_CLASS = YES_ERROR;
				CLANG_WARN_QUOTED_INCLUDE_IN_FRAMEWORK_HEADER = YES;
				CLANG_WARN_RANGE_LOOP_ANALYSIS = YES;
				CLANG_WARN_STRICT_PROTOTYPES = YES;
				CLANG_WARN_SUSPICIOUS_MOVE = YES;
				CLANG_WARN_UNGUARDED_AVAILABILITY = YES_AGGRESSIVE;
				CLANG_WARN_UNREACHABLE_CODE = YES;
				CLANG_WARN__DUPLICATE_METHOD_MATCH = YES;
				COPY_PHASE_STRIP = NO;
				DEBUG_INFORMATION_FORMAT = dwarf;
				ENABLE_BITCODE = NO;
				ENABLE_STRICT_OBJC_MSGSEND = YES;
				ENABLE_TESTABILITY = YES;
				GCC_C_LANGUAGE_STANDARD = gnu11;
				GCC_DYNAMIC_NO_PIC = NO;
				GCC_NO_COMMON_BLOCKS = YES;
				GCC_OPTIMIZATION_LEVEL = 0;
				GCC_PREPROCESSOR_DEFINITIONS = (
					"$(inherited)",
					"DEBUG=1",
				);
				GCC_WARN_64_TO_32_BIT_CONVERSION = YES;
				GCC_WARN_ABOUT_RETURN_TYPE = YES_ERROR;
				GCC_WARN_UNDECLARED_SELECTOR = YES;
				GCC_WARN_UNINITIALIZED_AUTOS = YES_AGGRESSIVE;
				GCC_WARN_UNUSED_FUNCTION = YES;
				GCC_WARN_UNUSED_VARIABLE = YES;
				HUSK_BUNDLE_IDENTIFIER = com.husk.app;
				HUSK_ENTITLEMENTS = Husk/Husk.entitlements;
				IPHONEOS_DEPLOYMENT_TARGET = 16.4;
				MTL_ENABLE_DEBUG_INFO = INCLUDE_SOURCE;
				MTL_FAST_MATH = YES;
				ONLY_ACTIVE_ARCH = YES;
				PRODUCT_NAME = "$(TARGET_NAME)";
				SDKROOT = iphoneos;
				SWIFT_ACTIVE_COMPILATION_CONDITIONS = DEBUG;
				SWIFT_OPTIMIZATION_LEVEL = "-O";
				SWIFT_VERSION = 5.0;
			};
			name = Debug;
		};
		ACF634A22ADDC7E2EAA861B1 /* Debug */ = {
			isa = XCBuildConfiguration;
			buildSettings = {
				APPLICATION_EXTENSION_API_ONLY = YES;
				CODE_SIGN_STYLE = Automatic;
				FRAMEWORK_SEARCH_PATHS = (
					"$(inherited)",
					"\"Frameworks\"",
				);
				GENERATE_INFOPLIST_FILE = NO;
				INFOPLIST_FILE = HuskJITHelper/Info.plist;
				IPHONEOS_DEPLOYMENT_TARGET = 26.0;
				LD_RUNPATH_SEARCH_PATHS = (
					"$(inherited)",
					"@executable_path/../../Frameworks",
				);
				PRODUCT_BUNDLE_IDENTIFIER = "$(HUSK_BUNDLE_IDENTIFIER).JITHelper";
				SDKROOT = iphoneos;
				TARGETED_DEVICE_FAMILY = 1;
			};
			name = Debug;
		};
/* End XCBuildConfiguration section */

/* Begin XCConfigurationList section */
		184E6EA7BF1031F1EE9611FC /* Build configuration list for PBXProject "Husk" */ = {
			isa = XCConfigurationList;
			buildConfigurations = (
				AA18E9E2D7E74D46471162B2 /* Debug */,
				A6BEFEEA41912FF5238A40A7 /* Release */,
			);
			defaultConfigurationIsVisible = 0;
			defaultConfigurationName = Debug;
		};
		277CE785474AB631DA9DA87C /* Build configuration list for PBXNativeTarget "Husk" */ = {
			isa = XCConfigurationList;
			buildConfigurations = (
				5F45FC5FDE6614EBCB307AFD /* Debug */,
				A4ED241CB14F87417258BD9B /* Release */,
			);
			defaultConfigurationIsVisible = 0;
			defaultConfigurationName = Debug;
		};
		EAE14B964398F5D21053AC59 /* Build configuration list for PBXNativeTarget "HuskJITHelper" */ = {
			isa = XCConfigurationList;
			buildConfigurations = (
				ACF634A22ADDC7E2EAA861B1 /* Debug */,
				1954F0CFDD99CE9750546785 /* Release */,
			);
			defaultConfigurationIsVisible = 0;
			defaultConfigurationName = Debug;
		};
/* End XCConfigurationList section */
	};
	rootObject = 0B9EDB508C7FA3D273DBF5DC /* Project object */;
}
